lockfileVersion: '9.0'

settings:
  autoInstallPeers: true
  excludeLinksFromLockfile: false

importers:

  .:
    dependencies:
      '@rollup/pluginutils':
        specifier: ^5.2.0
        version: 5.2.0(rollup@4.44.2)
      oxc-resolver:
        specifier: ^11.4.0
        version: 11.4.0
      oxc-transform:
        specifier: ^0.75.1
        version: 0.75.1
    devDependencies:
      '@types/node':
        specifier: ^24.0.10
        version: 24.0.10
      rollup:
        specifier: ^4.44.1
        version: 4.44.2
      typescript:
        specifier: ^5.8.3
        version: 5.8.3

packages:

  '@emnapi/core@1.4.3':
    resolution: {integrity: sha512-4m62DuCE07lw01soJwPiBGC0nAww0Q+RY70VZ+n49yDIO13yyinhbWCeNnaob0lakDtWQzSdtNWzJeOJt2ma+g==}

  '@emnapi/runtime@1.4.3':
    resolution: {integrity: sha512-pBPWdu6MLKROBX05wSNKcNb++m5Er+KQ9QkB+WVM+pW2Kx9hoSrVTnu3BdkI5eBLZoKu/J6mW/B6i6bJB2ytXQ==}

  '@emnapi/wasi-threads@1.0.2':
    resolution: {integrity: sha512-5n3nTJblwRi8LlXkJ9eBzu+kZR8Yxcc7ubakyQTFzPMtIhFpUBRbsnc2Dv88IZDIbCDlBiWrknhB4Lsz7mg6BA==}

  '@napi-rs/wasm-runtime@0.2.11':
    resolution: {integrity: sha512-9DPkXtvHydrcOsopiYpUgPHpmj0HWZKMUnL2dZqpvC42lsratuBG06V5ipyno0fUek5VlFsNQ+AcFATSrJXgMA==}

  '@oxc-resolver/binding-darwin-arm64@11.4.0':
    resolution: {integrity: sha512-+mlX+/yoWv/IfWad97mn/5KVYtwe/VLjwtyoY04UUL+VrHk0MpANAorM9gFf+7K6GkQEaNkTK1g4GqwPI8OiCQ==}
    cpu: [arm64]
    os: [darwin]

  '@oxc-resolver/binding-darwin-x64@11.4.0':
    resolution: {integrity: sha512-uImuGdgleCPvZFfsYM7WnDW3PZ5z/cwrOt37MFd++rtrQ9kEL32ezl85eyatX2KsvGq7E8qg1DvHLVHOW259uQ==}
    cpu: [x64]
    os: [darwin]

  '@oxc-resolver/binding-freebsd-x64@11.4.0':
    resolution: {integrity: sha512-/uFsbq+RWHiOktH1c9AysKZ++nHj76+chjQrCIvKalHYHKn6ydhMM6GwHL/pWq/gCZADbiKRQ0AOYLNf86hsZg==}
    cpu: [x64]
    os: [freebsd]

  '@oxc-resolver/binding-linux-arm-gnueabihf@11.4.0':
    resolution: {integrity: sha512-GPQcVSW2zgc8MtTF5ovIfmXkMCoGATzOmMOinLKjStvqq/KX9tBoVHhR/r7g7ChIJjozeXMMSYrf1q6r3zWXjA==}
    cpu: [arm]
    os: [linux]

  '@oxc-resolver/binding-linux-arm64-gnu@11.4.0':
    resolution: {integrity: sha512-rrOFswgslH2i/e2HHP6ei2Z3ivWKvkU666eL1hPXkzHHzhlavIp5vOywjlNR7fZK/15PG4/GKcGsHAVunHd/+w==}
    cpu: [arm64]
    os: [linux]
    libc: [glibc]

  '@oxc-resolver/binding-linux-arm64-musl@11.4.0':
    resolution: {integrity: sha512-+OQ0rckRSYNP3wuEw+Asf5Is0elLeHkmhzlRAjx20lkITgSaNtkk7wDaqlpJmkcPv6ja3YkOoMiyclfS/FMSGA==}
    cpu: [arm64]
    os: [linux]
    libc: [musl]

  '@oxc-resolver/binding-linux-riscv64-gnu@11.4.0':
    resolution: {integrity: sha512-hOmV2yNr4y5BVDaXPl3aCZASBsVLo4eAd7UWfItG2l1CMcZdtE35XIo0dB3xUg1DGDI5n02eo89014GN246aHA==}
    cpu: [riscv64]
    os: [linux]
    libc: [glibc]

  '@oxc-resolver/binding-linux-s390x-gnu@11.4.0':
    resolution: {integrity: sha512-STBciuunyjnQAhaJQoOEON3uQWL/Ad7mL+Ap8Q9A2Zw2bxZR7iW+tMu8pJDljHGVtGxtP1uurUt68kY9bMkFhA==}
    cpu: [s390x]
    os: [linux]
    libc: [glibc]

  '@oxc-resolver/binding-linux-x64-gnu@11.4.0':
    resolution: {integrity: sha512-x9uFAdBZ2SfVSWcQxza3GHo/5enZWLWb8Nf6zBCu0eBee/IL/z5oJIGpF/9xFwlvT4k35ZYHxBC33NGB4SkkGw==}
    cpu: [x64]
    os: [linux]
    libc: [glibc]

  '@oxc-resolver/binding-linux-x64-musl@11.4.0':
    resolution: {integrity: sha512-DrPkwPdufbka98aVvJP+qC29LP1MltUm6KPH0sJ5v9g5Tj+qcLi8i1EG5n8fnIqOI3vMtYs3DS2yMR2UGF7xyw==}
    cpu: [x64]
    os: [linux]
    libc: [musl]

  '@oxc-resolver/binding-wasm32-wasi@11.4.0':
    resolution: {integrity: sha512-fRBFgjhiUWTfz/7H/98r6SHsqCu3FvQPxbbDAs0wEVRvQdu7rZ2Ur2i4vKCZ6qLx6mDiBUKrkXy0btmU7eSrkQ==}
    engines: {node: '>=14.0.0'}
    cpu: [wasm32]

  '@oxc-resolver/binding-win32-arm64-msvc@11.4.0':
    resolution: {integrity: sha512-Vl32WwWT6aVk0qjfmXRH1BYwtLh8UHEanuuaNyAU4i/I9+Qx8SvNRNo39sRl1g7pHDcdeUgqFoNZkVXwIC5xVw==}
    cpu: [arm64]
    os: [win32]

  '@oxc-resolver/binding-win32-x64-msvc@11.4.0':
    resolution: {integrity: sha512-bBvYlfLTV4uH5pXLnNlx4BZ9DAsV3yQHL3vhXE2PfQ+iZglBkSZU/f82hx8cNwewTaK08zJUz4m2vGMQiSyU8Q==}
    cpu: [x64]
    os: [win32]

  '@oxc-transform/binding-android-arm64@0.75.1':
    resolution: {integrity: sha512-nCWttA1TJpRlK6CFd8VbHHh7G8x06Fo1WKjuziwls112eSJrqPKQMCzWlpemgcbkzii1llviWOhNi46F+/rV3Q==}
    engines: {node: '>=14.0.0'}
    cpu: [arm64]
    os: [android]

  '@oxc-transform/binding-darwin-arm64@0.75.1':
    resolution: {integrity: sha512-5+1psmFWqciPWNnnku2d+Xsv3Zn9zbDux8+3eEYHdps1w+hbNd1Va2KmyIVCyAVtHhAaQGwEzqV3GFxHjXXMdQ==}
    engines: {node: '>=14.0.0'}
    cpu: [arm64]
    os: [darwin]

  '@oxc-transform/binding-darwin-x64@0.75.1':
    resolution: {integrity: sha512-9EEE+TmIBVHVGGlmvay4jCLoK78dC6OXvWc+W0bDKn6sBQ5Z91CACYMsJGQScEzgB//7nl4aRYNDR2x/I9afDQ==}
    engines: {node: '>=14.0.0'}
    cpu: [x64]
    os: [darwin]

  '@oxc-transform/binding-freebsd-x64@0.75.1':
    resolution: {integrity: sha512-nMCpHhTHcmZD+CJGIBR24Qisrwqxn5Fhf3CkmJYQl9iUXXR/JDv85NRWBhNAyPAVqmQVBOq3h60Z7HQX7B1hWg==}
    engines: {node: '>=14.0.0'}
    cpu: [x64]
    os: [freebsd]

  '@oxc-transform/binding-linux-arm-gnueabihf@0.75.1':
    resolution: {integrity: sha512-tfRL3Pw38zwuSrYyzjNLW3xn450z4AyCzM9yfYaTVXHvqSFmNslQEbZddTyE/6n25orr++bxWlNk8D9CfO3vhw==}
    engines: {node: '>=14.0.0'}
    cpu: [arm]
    os: [linux]

  '@oxc-transform/binding-linux-arm-musleabihf@0.75.1':
    resolution: {integrity: sha512-z/4TzdN/Sa9IIkBbMZkKwm5kNaJumlh8gcklA7CpRElCqG0ZI2UdqpTDse7rAAoVOarau2E+raR99pzqWM6U7Q==}
    engines: {node: '>=14.0.0'}
    cpu: [arm]
    os: [linux]

  '@oxc-transform/binding-linux-arm64-gnu@0.75.1':
    resolution: {integrity: sha512-qNGEpVsQ3UjcE4IdEMIRqO56LXcevOjAls85PJG5Su4eObAjzQXUBbLw/Ap/FEcdDGH9rf1uQeTg5GRHgSM+xw==}
    engines: {node: '>=14.0.0'}
    cpu: [arm64]
    os: [linux]
    libc: [glibc]

  '@oxc-transform/binding-linux-arm64-musl@0.75.1':
    resolution: {integrity: sha512-u02pnIvaqP+YAk6hiw/+3WzVCAJexHO2wBSVMPw2a6wMTfyWEF6BzhLPttOpEzH2m/Kc1soguFUrHvToHbfX2Q==}
    engines: {node: '>=14.0.0'}
    cpu: [arm64]
    os: [linux]
    libc: [musl]

  '@oxc-transform/binding-linux-riscv64-gnu@0.75.1':
    resolution: {integrity: sha512-Jthd7RETAjo0OmtmTYG1ACjcLKTiwYwldiyyU8stWInYUH15RTA4LgDckL2+Yozr5wy5P/GguzZCXb4k3H5hhg==}
    engines: {node: '>=14.0.0'}
    cpu: [riscv64]
    os: [linux]
    libc: [glibc]

  '@oxc-transform/binding-linux-s390x-gnu@0.75.1':
    resolution: {integrity: sha512-SrUSdD6xO36q+kBOArT1cEV3uvsfSM+lvktNlkdKcb6TwstmJYiAK3JssYvC1R+3+LsB8wnFaTgyMPbA29Dv4g==}
    engines: {node: '>=14.0.0'}
    cpu: [s390x]
    os: [linux]
    libc: [glibc]

  '@oxc-transform/binding-linux-x64-gnu@0.75.1':
    resolution: {integrity: sha512-1cKfaVFgVH8eOj3jWCHeRzKXt2xBdBlvgGsg7nV08eieN3CLYuN6UFklEBwCIMScZGZABIZv1f31jKf8/Bf6hw==}
    engines: {node: '>=14.0.0'}
    cpu: [x64]
    os: [linux]
    libc: [glibc]

  '@oxc-transform/binding-linux-x64-musl@0.75.1':
    resolution: {integrity: sha512-gHUo7pI1V8axZTXJH7BEzIxCry1gzKyOMjCcbipoacZXTTlYUXKxUR23F0Q+yH50SI5Jh7fkBBKArI3WthhS/g==}
    engines: {node: '>=14.0.0'}
    cpu: [x64]
    os: [linux]
    libc: [musl]

  '@oxc-transform/binding-wasm32-wasi@0.75.1':
    resolution: {integrity: sha512-nPWarRi6gQr8Ob+vOezOKHq7ZeJZET4OVNtRBFcyGKpZoNxgsP/Yj1ha5u3NhaOI2FTOSeicWlPIgaJJWt0YSw==}
    engines: {node: '>=14.0.0'}
    cpu: [wasm32]

  '@oxc-transform/binding-win32-arm64-msvc@0.75.1':
    resolution: {integrity: sha512-rixs4g/+TjpsxI866GUJAPzCqnp3uI/Dh3F9+TPpYe2ZODfzrTCq17l9S35COv+VRKluO0kSe/8Sfw0tBWPNSQ==}
    engines: {node: '>=14.0.0'}
    cpu: [arm64]
    os: [win32]

  '@oxc-transform/binding-win32-x64-msvc@0.75.1':
    resolution: {integrity: sha512-llqatJ5Qucry0G1VgFpJNaVntEq9lV11gQeZX49Fhv/EeHJ/X/tCvRcxIPsW4TcrlfxAeHcQ7tSuDD6IbFtIEA==}
    engines: {node: '>=14.0.0'}
    cpu: [x64]
    os: [win32]

  '@rollup/pluginutils@5.2.0':
    resolution: {integrity: sha512-qWJ2ZTbmumwiLFomfzTyt5Kng4hwPi9rwCYN4SHb6eaRU1KNO4ccxINHr/VhH4GgPlt1XfSTLX2LBTme8ne4Zw==}
    engines: {node: '>=14.0.0'}
    peerDependencies:
      rollup: ^1.20.0||^2.0.0||^3.0.0||^4.0.0
    peerDependenciesMeta:
      rollup:
        optional: true

  '@rollup/rollup-android-arm-eabi@4.44.2':
    resolution: {integrity: sha512-g0dF8P1e2QYPOj1gu7s/3LVP6kze9A7m6x0BZ9iTdXK8N5c2V7cpBKHV3/9A4Zd8xxavdhK0t4PnqjkqVmUc9Q==}
    cpu: [arm]
    os: [android]

  '@rollup/rollup-android-arm64@4.44.2':
    resolution: {integrity: sha512-Yt5MKrOosSbSaAK5Y4J+vSiID57sOvpBNBR6K7xAaQvk3MkcNVV0f9fE20T+41WYN8hDn6SGFlFrKudtx4EoxA==}
    cpu: [arm64]
    os: [android]

  '@rollup/rollup-darwin-arm64@4.44.2':
    resolution: {integrity: sha512-EsnFot9ZieM35YNA26nhbLTJBHD0jTwWpPwmRVDzjylQT6gkar+zenfb8mHxWpRrbn+WytRRjE0WKsfaxBkVUA==}
    cpu: [arm64]
    os: [darwin]

  '@rollup/rollup-darwin-x64@4.44.2':
    resolution: {integrity: sha512-dv/t1t1RkCvJdWWxQ2lWOO+b7cMsVw5YFaS04oHpZRWehI1h0fV1gF4wgGCTyQHHjJDfbNpwOi6PXEafRBBezw==}
    cpu: [x64]
    os: [darwin]

  '@rollup/rollup-freebsd-arm64@4.44.2':
    resolution: {integrity: sha512-W4tt4BLorKND4qeHElxDoim0+BsprFTwb+vriVQnFFtT/P6v/xO5I99xvYnVzKWrK6j7Hb0yp3x7V5LUbaeOMg==}
    cpu: [arm64]
    os: [freebsd]

  '@rollup/rollup-freebsd-x64@4.44.2':
    resolution: {integrity: sha512-tdT1PHopokkuBVyHjvYehnIe20fxibxFCEhQP/96MDSOcyjM/shlTkZZLOufV3qO6/FQOSiJTBebhVc12JyPTA==}
    cpu: [x64]
    os: [freebsd]

  '@rollup/rollup-linux-arm-gnueabihf@4.44.2':
    resolution: {integrity: sha512-+xmiDGGaSfIIOXMzkhJ++Oa0Gwvl9oXUeIiwarsdRXSe27HUIvjbSIpPxvnNsRebsNdUo7uAiQVgBD1hVriwSQ==}
    cpu: [arm]
    os: [linux]
    libc: [glibc]

  '@rollup/rollup-linux-arm-musleabihf@4.44.2':
    resolution: {integrity: sha512-bDHvhzOfORk3wt8yxIra8N4k/N0MnKInCW5OGZaeDYa/hMrdPaJzo7CSkjKZqX4JFUWjUGm88lI6QJLCM7lDrA==}
    cpu: [arm]
    os: [linux]
    libc: [musl]

  '@rollup/rollup-linux-arm64-gnu@4.44.2':
    resolution: {integrity: sha512-NMsDEsDiYghTbeZWEGnNi4F0hSbGnsuOG+VnNvxkKg0IGDvFh7UVpM/14mnMwxRxUf9AdAVJgHPvKXf6FpMB7A==}
    cpu: [arm64]
    os: [linux]
    libc: [glibc]

  '@rollup/rollup-linux-arm64-musl@4.44.2':
    resolution: {integrity: sha512-lb5bxXnxXglVq+7imxykIp5xMq+idehfl+wOgiiix0191av84OqbjUED+PRC5OA8eFJYj5xAGcpAZ0pF2MnW+A==}
    cpu: [arm64]
    os: [linux]
    libc: [musl]

  '@rollup/rollup-linux-loongarch64-gnu@4.44.2':
    resolution: {integrity: sha512-Yl5Rdpf9pIc4GW1PmkUGHdMtbx0fBLE1//SxDmuf3X0dUC57+zMepow2LK0V21661cjXdTn8hO2tXDdAWAqE5g==}
    cpu: [loong64]
    os: [linux]
    libc: [glibc]

  '@rollup/rollup-linux-powerpc64le-gnu@4.44.2':
    resolution: {integrity: sha512-03vUDH+w55s680YYryyr78jsO1RWU9ocRMaeV2vMniJJW/6HhoTBwyyiiTPVHNWLnhsnwcQ0oH3S9JSBEKuyqw==}
    cpu: [ppc64]
    os: [linux]
    libc: [glibc]

  '@rollup/rollup-linux-riscv64-gnu@4.44.2':
    resolution: {integrity: sha512-iYtAqBg5eEMG4dEfVlkqo05xMOk6y/JXIToRca2bAWuqjrJYJlx/I7+Z+4hSrsWU8GdJDFPL4ktV3dy4yBSrzg==}
    cpu: [riscv64]
    os: [linux]
    libc: [glibc]

  '@rollup/rollup-linux-riscv64-musl@4.44.2':
    resolution: {integrity: sha512-e6vEbgaaqz2yEHqtkPXa28fFuBGmUJ0N2dOJK8YUfijejInt9gfCSA7YDdJ4nYlv67JfP3+PSWFX4IVw/xRIPg==}
    cpu: [riscv64]
    os: [linux]
    libc: [musl]

  '@rollup/rollup-linux-s390x-gnu@4.44.2':
    resolution: {integrity: sha512-evFOtkmVdY3udE+0QKrV5wBx7bKI0iHz5yEVx5WqDJkxp9YQefy4Mpx3RajIVcM6o7jxTvVd/qpC1IXUhGc1Mw==}
    cpu: [s390x]
    os: [linux]
    libc: [glibc]

  '@rollup/rollup-linux-x64-gnu@4.44.2':
    resolution: {integrity: sha512-/bXb0bEsWMyEkIsUL2Yt5nFB5naLAwyOWMEviQfQY1x3l5WsLKgvZf66TM7UTfED6erckUVUJQ/jJ1FSpm3pRQ==}
    cpu: [x64]
    os: [linux]
    libc: [glibc]

  '@rollup/rollup-linux-x64-musl@4.44.2':
    resolution: {integrity: sha512-3D3OB1vSSBXmkGEZR27uiMRNiwN08/RVAcBKwhUYPaiZ8bcvdeEwWPvbnXvvXHY+A/7xluzcN+kaiOFNiOZwWg==}
    cpu: [x64]
    os: [linux]
    libc: [musl]

  '@rollup/rollup-win32-arm64-msvc@4.44.2':
    resolution: {integrity: sha512-VfU0fsMK+rwdK8mwODqYeM2hDrF2WiHaSmCBrS7gColkQft95/8tphyzv2EupVxn3iE0FI78wzffoULH1G+dkw==}
    cpu: [arm64]
    os: [win32]

  '@rollup/rollup-win32-ia32-msvc@4.44.2':
    resolution: {integrity: sha512-+qMUrkbUurpE6DVRjiJCNGZBGo9xM4Y0FXU5cjgudWqIBWbcLkjE3XprJUsOFgC6xjBClwVa9k6O3A7K3vxb5Q==}
    cpu: [ia32]
    os: [win32]

  '@rollup/rollup-win32-x64-msvc@4.44.2':
    resolution: {integrity: sha512-3+QZROYfJ25PDcxFF66UEk8jGWigHJeecZILvkPkyQN7oc5BvFo4YEXFkOs154j3FTMp9mn9Ky8RCOwastduEA==}
    cpu: [x64]
    os: [win32]

  '@tybys/wasm-util@0.9.0':
    resolution: {integrity: sha512-6+7nlbMVX/PVDCwaIQ8nTOPveOcFLSt8GcXdx8hD0bt39uWxYT88uXzqTd4fTvqta7oeUJqudepapKNt2DYJFw==}

  '@types/estree@1.0.8':
    resolution: {integrity: sha512-dWHzHa2WqEXI/O1E9OjrocMTKJl2mSrEolh1Iomrv6U+JuNwaHXsXx9bLu5gG7BUWFIN0skIQJQ/L1rIex4X6w==}

  '@types/node@24.0.10':
    resolution: {integrity: sha512-ENHwaH+JIRTDIEEbDK6QSQntAYGtbvdDXnMXnZaZ6k13Du1dPMmprkEHIL7ok2Wl2aZevetwTAb5S+7yIF+enA==}

  estree-walker@2.0.2:
    resolution: {integrity: sha512-Rfkk/Mp/DL7JVje3u18FxFujQlTNR2q6QfMSMB7AvCBx91NGj/ba3kCfza0f6dVDbw7YlRf/nDrn7pQrCCyQ/w==}

  fsevents@2.3.3:
    resolution: {integrity: sha512-5xoDfX+fL7faATnagmWPpbFtwh/R77WmMMqqHGS65C3vvB0YHrgF+B1YmZ3441tMj5n63k0212XNoJwzlhffQw==}
    engines: {node: ^8.16.0 || ^10.6.0 || >=11.0.0}
    os: [darwin]

  oxc-resolver@11.4.0:
    resolution: {integrity: sha512-J19ZMuUoGTsMc7TUacC5B5LQccZ6CluLmQ/RiC9mXKVvC8RCoiLjQOjEKrVolvxeU9q+TK1hrcJnmtZi/DqA6Q==}

  oxc-transform@0.75.1:
    resolution: {integrity: sha512-kuyQEMzhz6cpBwFifTxgLTw8kgn68h5jP46ChIXVbxN+J75q7cTb95YNYh0FIcdWFmAJOZGhgYtQLPGKqxJN1Q==}
    engines: {node: '>=14.0.0'}

  picomatch@4.0.2:
    resolution: {integrity: sha512-M7BAV6Rlcy5u+m6oPhAPFgJTzAioX/6B0DxyvDlo9l8+T3nLKbrczg2WLUyzd45L8RqfUMyGPzekbMvX2Ldkwg==}
    engines: {node: '>=12'}

  rollup@4.44.2:
    resolution: {integrity: sha512-PVoapzTwSEcelaWGth3uR66u7ZRo6qhPHc0f2uRO9fX6XDVNrIiGYS0Pj9+R8yIIYSD/mCx2b16Ws9itljKSPg==}
    engines: {node: '>=18.0.0', npm: '>=8.0.0'}
    hasBin: true

  tslib@2.8.1:
    resolution: {integrity: sha512-oJFu94HQb+KVduSUQL7wnpmqnfmLsOA/nAh6b6EH0wCEoK0/mPeXU6c3wKDV83MkOuHPRHtSXKKU99IBazS/2w==}

  typescript@5.8.3:
    resolution: {integrity: sha512-p1diW6TqL9L07nNxvRMM7hMMw4c5XOo/1ibL4aAIGmSAt9slTE1Xgw5KWuof2uTOvCg9BY7ZRi+GaF+7sfgPeQ==}
    engines: {node: '>=14.17'}
    hasBin: true

  undici-types@7.8.0:
    resolution: {integrity: sha512-9UJ2xGDvQ43tYyVMpuHlsgApydB8ZKfVYTsLDhXkFL/6gfkp+U8xTGdh8pMJv1SpZna0zxG1DwsKZsreLbXBxw==}

snapshots:

  '@emnapi/core@1.4.3':
    dependencies:
      '@emnapi/wasi-threads': 1.0.2
      tslib: 2.8.1
    optional: true

  '@emnapi/runtime@1.4.3':
    dependencies:
      tslib: 2.8.1
    optional: true

  '@emnapi/wasi-threads@1.0.2':
    dependencies:
      tslib: 2.8.1
    optional: true

  '@napi-rs/wasm-runtime@0.2.11':
    dependencies:
      '@emnapi/core': 1.4.3
      '@emnapi/runtime': 1.4.3
      '@tybys/wasm-util': 0.9.0
    optional: true

  '@oxc-resolver/binding-darwin-arm64@11.4.0':
    optional: true

  '@oxc-resolver/binding-darwin-x64@11.4.0':
    optional: true

  '@oxc-resolver/binding-freebsd-x64@11.4.0':
    optional: true

  '@oxc-resolver/binding-linux-arm-gnueabihf@11.4.0':
    optional: true

  '@oxc-resolver/binding-linux-arm64-gnu@11.4.0':
    optional: true

  '@oxc-resolver/binding-linux-arm64-musl@11.4.0':
    optional: true

  '@oxc-resolver/binding-linux-riscv64-gnu@11.4.0':
    optional: true

  '@oxc-resolver/binding-linux-s390x-gnu@11.4.0':
    optional: true

  '@oxc-resolver/binding-linux-x64-gnu@11.4.0':
    optional: true

  '@oxc-resolver/binding-linux-x64-musl@11.4.0':
    optional: true

  '@oxc-resolver/binding-wasm32-wasi@11.4.0':
    dependencies:
      '@napi-rs/wasm-runtime': 0.2.11
    optional: true

  '@oxc-resolver/binding-win32-arm64-msvc@11.4.0':
    optional: true

  '@oxc-resolver/binding-win32-x64-msvc@11.4.0':
    optional: true

  '@oxc-transform/binding-android-arm64@0.75.1':
    optional: true

  '@oxc-transform/binding-darwin-arm64@0.75.1':
    optional: true

  '@oxc-transform/binding-darwin-x64@0.75.1':
    optional: true

  '@oxc-transform/binding-freebsd-x64@0.75.1':
    optional: true

  '@oxc-transform/binding-linux-arm-gnueabihf@0.75.1':
    optional: true

  '@oxc-transform/binding-linux-arm-musleabihf@0.75.1':
    optional: true

  '@oxc-transform/binding-linux-arm64-gnu@0.75.1':
    optional: true

  '@oxc-transform/binding-linux-arm64-musl@0.75.1':
    optional: true

  '@oxc-transform/binding-linux-riscv64-gnu@0.75.1':
    optional: true

  '@oxc-transform/binding-linux-s390x-gnu@0.75.1':
    optional: true

  '@oxc-transform/binding-linux-x64-gnu@0.75.1':
    optional: true

  '@oxc-transform/binding-linux-x64-musl@0.75.1':
    optional: true

  '@oxc-transform/binding-wasm32-wasi@0.75.1':
    dependencies:
      '@napi-rs/wasm-runtime': 0.2.11
    optional: true

  '@oxc-transform/binding-win32-arm64-msvc@0.75.1':
    optional: true

  '@oxc-transform/binding-win32-x64-msvc@0.75.1':
    optional: true

  '@rollup/pluginutils@5.2.0(rollup@4.44.2)':
    dependencies:
      '@types/estree': 1.0.8
      estree-walker: 2.0.2
      picomatch: 4.0.2
    optionalDependencies:
      rollup: 4.44.2

  '@rollup/rollup-android-arm-eabi@4.44.2':
    optional: true

  '@rollup/rollup-android-arm64@4.44.2':
    optional: true

  '@rollup/rollup-darwin-arm64@4.44.2':
    optional: true

  '@rollup/rollup-darwin-x64@4.44.2':
    optional: true

  '@rollup/rollup-freebsd-arm64@4.44.2':
    optional: true

  '@rollup/rollup-freebsd-x64@4.44.2':
    optional: true

  '@rollup/rollup-linux-arm-gnueabihf@4.44.2':
    optional: true

  '@rollup/rollup-linux-arm-musleabihf@4.44.2':
    optional: true

  '@rollup/rollup-linux-arm64-gnu@4.44.2':
    optional: true

  '@rollup/rollup-linux-arm64-musl@4.44.2':
    optional: true

  '@rollup/rollup-linux-loongarch64-gnu@4.44.2':
    optional: true

  '@rollup/rollup-linux-powerpc64le-gnu@4.44.2':
    optional: true

  '@rollup/rollup-linux-riscv64-gnu@4.44.2':
    optional: true

  '@rollup/rollup-linux-riscv64-musl@4.44.2':
    optional: true

  '@rollup/rollup-linux-s390x-gnu@4.44.2':
    optional: true

  '@rollup/rollup-linux-x64-gnu@4.44.2':
    optional: true

  '@rollup/rollup-linux-x64-musl@4.44.2':
    optional: true

  '@rollup/rollup-win32-arm64-msvc@4.44.2':
    optional: true

  '@rollup/rollup-win32-ia32-msvc@4.44.2':
    optional: true

  '@rollup/rollup-win32-x64-msvc@4.44.2':
    optional: true

  '@tybys/wasm-util@0.9.0':
    dependencies:
      tslib: 2.8.1
    optional: true

  '@types/estree@1.0.8': {}

  '@types/node@24.0.10':
    dependencies:
      undici-types: 7.8.0

  estree-walker@2.0.2: {}

  fsevents@2.3.3:
    optional: true

  oxc-resolver@11.4.0:
    optionalDependencies:
      '@oxc-resolver/binding-darwin-arm64': 11.4.0
      '@oxc-resolver/binding-darwin-x64': 11.4.0
      '@oxc-resolver/binding-freebsd-x64': 11.4.0
      '@oxc-resolver/binding-linux-arm-gnueabihf': 11.4.0
      '@oxc-resolver/binding-linux-arm64-gnu': 11.4.0
      '@oxc-resolver/binding-linux-arm64-musl': 11.4.0
      '@oxc-resolver/binding-linux-riscv64-gnu': 11.4.0
      '@oxc-resolver/binding-linux-s390x-gnu': 11.4.0
      '@oxc-resolver/binding-linux-x64-gnu': 11.4.0
      '@oxc-resolver/binding-linux-x64-musl': 11.4.0
      '@oxc-resolver/binding-wasm32-wasi': 11.4.0
      '@oxc-resolver/binding-win32-arm64-msvc': 11.4.0
      '@oxc-resolver/binding-win32-x64-msvc': 11.4.0

  oxc-transform@0.75.1:
    optionalDependencies:
      '@oxc-transform/binding-android-arm64': 0.75.1
      '@oxc-transform/binding-darwin-arm64': 0.75.1
      '@oxc-transform/binding-darwin-x64': 0.75.1
      '@oxc-transform/binding-freebsd-x64': 0.75.1
      '@oxc-transform/binding-linux-arm-gnueabihf': 0.75.1
      '@oxc-transform/binding-linux-arm-musleabihf': 0.75.1
      '@oxc-transform/binding-linux-arm64-gnu': 0.75.1
      '@oxc-transform/binding-linux-arm64-musl': 0.75.1
      '@oxc-transform/binding-linux-riscv64-gnu': 0.75.1
      '@oxc-transform/binding-linux-s390x-gnu': 0.75.1
      '@oxc-transform/binding-linux-x64-gnu': 0.75.1
      '@oxc-transform/binding-linux-x64-musl': 0.75.1
      '@oxc-transform/binding-wasm32-wasi': 0.75.1
      '@oxc-transform/binding-win32-arm64-msvc': 0.75.1
      '@oxc-transform/binding-win32-x64-msvc': 0.75.1

  picomatch@4.0.2: {}

  rollup@4.44.2:
    dependencies:
      '@types/estree': 1.0.8
    optionalDependencies:
      '@rollup/rollup-android-arm-eabi': 4.44.2
      '@rollup/rollup-android-arm64': 4.44.2
      '@rollup/rollup-darwin-arm64': 4.44.2
      '@rollup/rollup-darwin-x64': 4.44.2
      '@rollup/rollup-freebsd-arm64': 4.44.2
      '@rollup/rollup-freebsd-x64': 4.44.2
      '@rollup/rollup-linux-arm-gnueabihf': 4.44.2
      '@rollup/rollup-linux-arm-musleabihf': 4.44.2
      '@rollup/rollup-linux-arm64-gnu': 4.44.2
      '@rollup/rollup-linux-arm64-musl': 4.44.2
      '@rollup/rollup-linux-loongarch64-gnu': 4.44.2
      '@rollup/rollup-linux-powerpc64le-gnu': 4.44.2
      '@rollup/rollup-linux-riscv64-gnu': 4.44.2
      '@rollup/rollup-linux-riscv64-musl': 4.44.2
      '@rollup/rollup-linux-s390x-gnu': 4.44.2
      '@rollup/rollup-linux-x64-gnu': 4.44.2
      '@rollup/rollup-linux-x64-musl': 4.44.2
      '@rollup/rollup-win32-arm64-msvc': 4.44.2
      '@rollup/rollup-win32-ia32-msvc': 4.44.2
      '@rollup/rollup-win32-x64-msvc': 4.44.2
      fsevents: 2.3.3

  tslib@2.8.1:
    optional: true

  typescript@5.8.3: {}

  undici-types@7.8.0: {}
