lockfileVersion: '9.0'

settings:
  autoInstallPeers: true
  excludeLinksFromLockfile: false

importers:

  .:
    dependencies:
      '@rollup/pluginutils':
        specifier: ^5.2.0
        version: 5.2.0(rollup@4.48.0)
      oxc-minify:
        specifier: ^0.82.3
        version: 0.82.3
      oxc-resolver:
        specifier: ^11.6.2
        version: 11.6.2
      oxc-transform:
        specifier: ^0.82.3
        version: 0.82.3
      tsconfck:
        specifier: ^3.1.6
        version: 3.1.6(typescript@5.9.2)
      tsconfig-migrate:
        specifier: ^0.0.0
        version: 0.0.0
    devDependencies:
      '@types/node':
        specifier: ^24.3.0
        version: 24.3.0
      rollup:
        specifier: ^4.47.1
        version: 4.48.0
      typescript:
        specifier: ^5.9.2
        version: 5.9.2

packages:

  '@emnapi/core@1.4.5':
    resolution: {integrity: sha512-XsLw1dEOpkSX/WucdqUhPWP7hDxSvZiY+fsUC14h+FtQ2Ifni4znbBt8punRX+Uj2JG/uDb8nEHVKvrVlvdZ5Q==}

  '@emnapi/runtime@1.4.5':
    resolution: {integrity: sha512-++LApOtY0pEEz1zrd9vy1/zXVaVJJ/EbAF3u0fXIzPJEDtnITsBGbbK0EkM72amhl/R5b+5xx0Y/QhcVOpuulg==}

  '@emnapi/wasi-threads@1.0.4':
    resolution: {integrity: sha512-PJR+bOmMOPH8AtcTGAyYNiuJ3/Fcoj2XN/gBEWzDIKh254XO+mM9XoXHk5GNEhodxeMznbg7BlRojVbKN+gC6g==}

  '@napi-rs/wasm-runtime@1.0.3':
    resolution: {integrity: sha512-rZxtMsLwjdXkMUGC3WwsPwLNVqVqnTJT6MNIB6e+5fhMcSCPP0AOsNWuMQ5mdCq6HNjs/ZeWAEchpqeprqBD2Q==}

  '@oxc-minify/binding-android-arm64@0.82.3':
    resolution: {integrity: sha512-JXjyatA6ModXnFMJHUVFW+NAvdQzWbEU9qDdbu2MBhxOgwGWDHH6CnfeiMSkg1glBREn3qx0xr1/3dZu0FZPCw==}
    engines: {node: '>=14.0.0'}
    cpu: [arm64]
    os: [android]

  '@oxc-minify/binding-darwin-arm64@0.82.3':
    resolution: {integrity: sha512-Bl2WN19+UvAStjs1NspDFqEMgDXnf8htL9652hHODHnsN2qD98saGjlet2JOfsMWng80ZWhZa9YWA3ADdt+5ow==}
    engines: {node: '>=14.0.0'}
    cpu: [arm64]
    os: [darwin]

  '@oxc-minify/binding-darwin-x64@0.82.3':
    resolution: {integrity: sha512-n/wzCNZIoHAHMaR+JzBndnyITvy0DtQ6WgfltH0n+7BRe0YYirRHh3rT9QVfGlczmcMgyAsA+gc9VieYPqMEaQ==}
    engines: {node: '>=14.0.0'}
    cpu: [x64]
    os: [darwin]

  '@oxc-minify/binding-freebsd-x64@0.82.3':
    resolution: {integrity: sha512-pQlAe9iRS7i9CgNfsWdlM2Ti0H0zz8aAZNJc0ab+RUep2ffu72N0PYLTN1/Az6rBa6Hzh+RVGfC4/maOryaOGw==}
    engines: {node: '>=14.0.0'}
    cpu: [x64]
    os: [freebsd]

  '@oxc-minify/binding-linux-arm-gnueabihf@0.82.3':
    resolution: {integrity: sha512-0DM0C509brd3m7haGDYaevWk/N5EADtOSJOkJpZNjyOMta1ML4x0e5eKEg05jk6IFezcES25Ai8YKxIaZf+nbA==}
    engines: {node: '>=14.0.0'}
    cpu: [arm]
    os: [linux]

  '@oxc-minify/binding-linux-arm-musleabihf@0.82.3':
    resolution: {integrity: sha512-IAGzsgBctQdgF4EZxVkfk7RrXCqguiYJ5cQHULgmnBsR+mpaGyYzc7E7H1t9dhAPY/oA789/d2cM8lr99JcGwg==}
    engines: {node: '>=14.0.0'}
    cpu: [arm]
    os: [linux]

  '@oxc-minify/binding-linux-arm64-gnu@0.82.3':
    resolution: {integrity: sha512-D1ah5KXEZi+rOCNksNuZFATpMEPlT9+q5jA95E21nJDkTnEM+0iR9ZBE/oEdpzA4dbdm1NTNzoIiZTJc6IqvFg==}
    engines: {node: '>=14.0.0'}
    cpu: [arm64]
    os: [linux]

  '@oxc-minify/binding-linux-arm64-musl@0.82.3':
    resolution: {integrity: sha512-wdsgz14B7nrd9saLRoaAiA4XZlU7WnqdUo70CYgk/WJI1o7Su1vuAwwCCImBdG55djfTPgAJwFpNO+B/qn77Xw==}
    engines: {node: '>=14.0.0'}
    cpu: [arm64]
    os: [linux]

  '@oxc-minify/binding-linux-riscv64-gnu@0.82.3':
    resolution: {integrity: sha512-sCbXvBY/L5vtJD/VSTaof2A63NmlUjHIYbhJrQdwTEMnmOtt1GdoJpnXYs5tm7jJIm7saEcjOmVxG767RfdpLw==}
    engines: {node: '>=14.0.0'}
    cpu: [riscv64]
    os: [linux]

  '@oxc-minify/binding-linux-s390x-gnu@0.82.3':
    resolution: {integrity: sha512-G0kiw1dP9YzWB31XS8l9WKS22je6ZP3AEKQkIRlDMsfHkfqRXLQ9t7LN3CEDqzCjcVJsC5mFUT9YIOjbe9mQSA==}
    engines: {node: '>=14.0.0'}
    cpu: [s390x]
    os: [linux]

  '@oxc-minify/binding-linux-x64-gnu@0.82.3':
    resolution: {integrity: sha512-EbAoQC5szfhOGTUnbiF7i5ELrk5Rr612SfkHUdKPQD907EjPL3eyLMrjHyfmufTmAXscCOnNyiBYoi9KSw3w3g==}
    engines: {node: '>=14.0.0'}
    cpu: [x64]
    os: [linux]

  '@oxc-minify/binding-linux-x64-musl@0.82.3':
    resolution: {integrity: sha512-CjuwWojIlXPmzNQz0FtztCqn7CC1RCfM0eDVVBVaFbDypH8UfXbfVFVofSXopexy5iLklXyUbAjZIMgG//rqRQ==}
    engines: {node: '>=14.0.0'}
    cpu: [x64]
    os: [linux]

  '@oxc-minify/binding-wasm32-wasi@0.82.3':
    resolution: {integrity: sha512-ALskqbKN8z7PMAmj+45COPfUsYWabrJYPPmyJhq9sYBkhKY4Fn6irdnwVI15h8RS9DZxaMtgwViaVN8ctBp6Rw==}
    engines: {node: '>=14.0.0'}
    cpu: [wasm32]

  '@oxc-minify/binding-win32-arm64-msvc@0.82.3':
    resolution: {integrity: sha512-LekeqIadxk1yLO6J5JVYA6Rn5dolmErPuYtlWBpznnRXLdTv0NiRDP9BOf5Xapd9HQXKO+w5N0lx/lOvrfSJFQ==}
    engines: {node: '>=14.0.0'}
    cpu: [arm64]
    os: [win32]

  '@oxc-minify/binding-win32-x64-msvc@0.82.3':
    resolution: {integrity: sha512-HEnhheKJV+1Nmh5eZXUuj4NHbXCYoM9Nvp3vhqoySLzLfWXrxqNnUUviwz92ORm4hVMpuCV9e5T3Hq2MGf5u+w==}
    engines: {node: '>=14.0.0'}
    cpu: [x64]
    os: [win32]

  '@oxc-resolver/binding-android-arm-eabi@11.6.2':
    resolution: {integrity: sha512-b1h87/Nv5QPiT2xXg7RiSzJ0HsKSMf1U8vj6cUKdEDD1+KhDaXEH9xffB5QE54Df3SM4+wrYVy9NREil7/0C/Q==}
    cpu: [arm]
    os: [android]

  '@oxc-resolver/binding-android-arm64@11.6.2':
    resolution: {integrity: sha512-iIFsbWOQ42VJqOH0PkNs2+IcIjkmO7T+Gr27XDVXmaIWz3dkVYzYRlCtqGJOMIrjyUD52BtVXjej5s51i9Lgmg==}
    cpu: [arm64]
    os: [android]

  '@oxc-resolver/binding-darwin-arm64@11.6.2':
    resolution: {integrity: sha512-Lt/6pfDy2rtoxGmwFQOp4a9GxIW0CEUSQYofW1eQBpy/JpGM/AJgLTsg2nmgszODJpBOPO19GCIlzSZ7Et5cGg==}
    cpu: [arm64]
    os: [darwin]

  '@oxc-resolver/binding-darwin-x64@11.6.2':
    resolution: {integrity: sha512-UmGEeXk4/E3ubBWgoehVEQSBTEpl+UjZqY55sB+/5NHYFPMxY6PgG8y7dGZhyWPvwVW/pS/drnG3gptAjwF8cg==}
    cpu: [x64]
    os: [darwin]

  '@oxc-resolver/binding-freebsd-x64@11.6.2':
    resolution: {integrity: sha512-p0Aj5aQKmyVamAtRio7Ct0Woh/iElvMxhAlbSWqJ9J/GH7lPG8H4R/iHWjURz+2iYPywqJICR8Eu1GDSApnzfA==}
    cpu: [x64]
    os: [freebsd]

  '@oxc-resolver/binding-linux-arm-gnueabihf@11.6.2':
    resolution: {integrity: sha512-hDAF4FAkGxZsJCvutoBQ21LKcpUrvq5qAj3FpBTIzBaeIpupe6z0kHF9oIeTF8DJiLj4uEejaZXXtOSfJY50+A==}
    cpu: [arm]
    os: [linux]

  '@oxc-resolver/binding-linux-arm-musleabihf@11.6.2':
    resolution: {integrity: sha512-LTUs3PG9O3YjGPbguiM/fhaoWr19Yu/vqkBKXgvUo2Zpa7InHzZzurMQU9BAPr6A7gnIrKQ3W61h+RhQfSuUGQ==}
    cpu: [arm]
    os: [linux]

  '@oxc-resolver/binding-linux-arm64-gnu@11.6.2':
    resolution: {integrity: sha512-VBZZ/5uYiFs+09h1royv78GAEPPy5Bsro53hPWMlJL/E9pPibaj3fCzZEAnrKSzVpvwf7+QSc5w7ZUrX3xAKpg==}
    cpu: [arm64]
    os: [linux]

  '@oxc-resolver/binding-linux-arm64-musl@11.6.2':
    resolution: {integrity: sha512-x+LooeNXy3hhvDT7q29jLjh914OYX9YnrQbGT3ogep5EY/LLbUiG3LV8XSrWRqXD5132gea9SOYxmcpF9i6xTQ==}
    cpu: [arm64]
    os: [linux]

  '@oxc-resolver/binding-linux-ppc64-gnu@11.6.2':
    resolution: {integrity: sha512-+CluEbUpAaKvcNREZtUUiunqzo5o0/qp+6xoFkbDAwNhWIw1mtWCg1Di++Fa053Cah/Rx+dRMQteANoMBGCxxg==}
    cpu: [ppc64]
    os: [linux]

  '@oxc-resolver/binding-linux-riscv64-gnu@11.6.2':
    resolution: {integrity: sha512-OKWK/QvC6gECaeCNjfhuj0yiqMIisS0ewCRAmgT2pyxDwkNWgSm2wli+Tj/gpLjua2HjFDnDEcg0/dOoO6+xQg==}
    cpu: [riscv64]
    os: [linux]

  '@oxc-resolver/binding-linux-riscv64-musl@11.6.2':
    resolution: {integrity: sha512-YtQ3hLvhVzan3boR44C0qu/jiTanaBAL9uTqs/S2tzOLfpO2PoTDbQDgADvOqYJDTJkOGiofJC2E1lJcRmpbXQ==}
    cpu: [riscv64]
    os: [linux]

  '@oxc-resolver/binding-linux-s390x-gnu@11.6.2':
    resolution: {integrity: sha512-pcX/ih9QHrEWliiXJdZoX/bnfOlr5E0eOWSG2ew5U1HntGket/1AcdcA4UH3MQU/TrOLxxiKhGzeZv+fwewmmA==}
    cpu: [s390x]
    os: [linux]

  '@oxc-resolver/binding-linux-x64-gnu@11.6.2':
    resolution: {integrity: sha512-LFYSgeYW11u4cQXzgIGthqCRAoLvl0IqbIMGeJLVt1tD7yrpTukfQynMzwP3vuTK5hmWgYc7NfK6G5+Zv/75hw==}
    cpu: [x64]
    os: [linux]

  '@oxc-resolver/binding-linux-x64-musl@11.6.2':
    resolution: {integrity: sha512-IE13zwhg+XX9FVQHADbIe6RB2MgQeqyKdGyH67meGPgqCbLqT41K9qAm0k2uDlSswjLK8nhNe5Z+hhopBKzRRg==}
    cpu: [x64]
    os: [linux]

  '@oxc-resolver/binding-wasm32-wasi@11.6.2':
    resolution: {integrity: sha512-6nNW/wOKrptS9Rebf83aHvIsIiNcXOEWwUmhMR/4MHrH07zbcptBoZQcWO6362B9Y2lMN7dIF9v7brQcNDs63A==}
    engines: {node: '>=14.0.0'}
    cpu: [wasm32]

  '@oxc-resolver/binding-win32-arm64-msvc@11.6.2':
    resolution: {integrity: sha512-YDR9UBOlKfFvWhVlyvNSlZjJ+B5kDpDn5K5s69JKW+Ke5ZYupVPTJPZ3GIMjbgj54fJQNFW+BiT4dL/EUGOHVQ==}
    cpu: [arm64]
    os: [win32]

  '@oxc-resolver/binding-win32-ia32-msvc@11.6.2':
    resolution: {integrity: sha512-8MqToY82sKT4po6bfb71LTiWW4PYXy/WNnzFIpkO88O1TtZV8ZsZ1kSeSwFazbqhV8H8nnxyJemqXNIqhtqNfw==}
    cpu: [ia32]
    os: [win32]

  '@oxc-resolver/binding-win32-x64-msvc@11.6.2':
    resolution: {integrity: sha512-y/xXcOwP9kp+3zRC8PiG5E4VMJeW59gwwRyxzh6DyMrKlcfikMFnuEbC2ZV0+mOffg7pkOOMKlNRK2aJC8gzkA==}
    cpu: [x64]
    os: [win32]

  '@oxc-transform/binding-android-arm64@0.82.3':
    resolution: {integrity: sha512-25Wh8wRSVMNiGJHeT1kIOKynrXbMoSR5vkhL+j7GyXs+R7tA3Vah574NK86y7k8Ayz7bmddSepue+Mp4/B2bqg==}
    engines: {node: '>=14.0.0'}
    cpu: [arm64]
    os: [android]

  '@oxc-transform/binding-darwin-arm64@0.82.3':
    resolution: {integrity: sha512-AUXBcudAnFG74NkeKb03dkJ7jMrqasj8dr1p3KK4n4t/h687D63zWS7Ujqm46ilMJAta7yOQOXRG01ulrYfZ9w==}
    engines: {node: '>=14.0.0'}
    cpu: [arm64]
    os: [darwin]

  '@oxc-transform/binding-darwin-x64@0.82.3':
    resolution: {integrity: sha512-ZibkYbQxnmEWA3PZzvt1s48hzZ8x7JXja9jBGxcztyku3CeJfg84VLBQtKplQ+X/844b6SguGovhzM+f+B8mfw==}
    engines: {node: '>=14.0.0'}
    cpu: [x64]
    os: [darwin]

  '@oxc-transform/binding-freebsd-x64@0.82.3':
    resolution: {integrity: sha512-TgWClgWmsd+PqB8KjzmCDg4LgjJSjr9M6iMo7DnMpJQ8wKn6OXax1uzUmAhMVURn3fZ/mOjreVlxnsMo0EDGBg==}
    engines: {node: '>=14.0.0'}
    cpu: [x64]
    os: [freebsd]

  '@oxc-transform/binding-linux-arm-gnueabihf@0.82.3':
    resolution: {integrity: sha512-doD+InoG9wTY20zGeiY2yhhZQ/7JeyegxQziCxzSWwMVDFX9Ta1M3EPPLJ2HFpSrx1UAHoNtaXsTJK0kZRXptg==}
    engines: {node: '>=14.0.0'}
    cpu: [arm]
    os: [linux]

  '@oxc-transform/binding-linux-arm-musleabihf@0.82.3':
    resolution: {integrity: sha512-PQPNo7/HzULjG5mZ4S6zgyLRCSMf9XubNJkOKvlk2+G8dnui9qe74jWbuZLdnlHbWiYmVxOlWt7c3FPdUcGSmw==}
    engines: {node: '>=14.0.0'}
    cpu: [arm]
    os: [linux]

  '@oxc-transform/binding-linux-arm64-gnu@0.82.3':
    resolution: {integrity: sha512-u8UCgPfVVfk/nIjhKfWNgT5J+qB3RjxnYWLg1TLV+TDKAXKRQvkTS7q+rygDSM3S+yaf8zZqqFf9Yz4mlKchvg==}
    engines: {node: '>=14.0.0'}
    cpu: [arm64]
    os: [linux]

  '@oxc-transform/binding-linux-arm64-musl@0.82.3':
    resolution: {integrity: sha512-//hl3Xe36+fwyBrzKpTSMgSDqscbqpkeQ1TTvfkZS7IKuLoSM7lVbU+fpaOslDXUezLg9SwN6Cn2sL61OX7IaA==}
    engines: {node: '>=14.0.0'}
    cpu: [arm64]
    os: [linux]

  '@oxc-transform/binding-linux-riscv64-gnu@0.82.3':
    resolution: {integrity: sha512-iOPpMG0EAvOOZ048OdmuUhWV5NRXERDVj/+k5IUIOzXuxZSjrJK/NjirdpYnXXLMx3lDIm2muMR1ESg0f8eb+A==}
    engines: {node: '>=14.0.0'}
    cpu: [riscv64]
    os: [linux]

  '@oxc-transform/binding-linux-s390x-gnu@0.82.3':
    resolution: {integrity: sha512-pdgFqoFoqs6JNoaV540RZSMq4uaArlL1ZnjT1rsL662K4CejOAFmyuroCw98DdF/TQsuFQV1a4At7jHlF1H+0Q==}
    engines: {node: '>=14.0.0'}
    cpu: [s390x]
    os: [linux]

  '@oxc-transform/binding-linux-x64-gnu@0.82.3':
    resolution: {integrity: sha512-OJ9k0xIqejBNp+6dn1V/QZk0iHBqJsq/Jm/+9wjg3gJyDOZFq0qU/zHAuUzObro6JGFBmPvAZsVi4qEaYZLIQA==}
    engines: {node: '>=14.0.0'}
    cpu: [x64]
    os: [linux]

  '@oxc-transform/binding-linux-x64-musl@0.82.3':
    resolution: {integrity: sha512-nPaIuIm0OM2Xylt3suhiLw6POklE8KlpO2hRuGtiLQTFWORPgB3SzDTrp2Trxob40bsbCTVyeWHB/VsC/vw5Gw==}
    engines: {node: '>=14.0.0'}
    cpu: [x64]
    os: [linux]

  '@oxc-transform/binding-wasm32-wasi@0.82.3':
    resolution: {integrity: sha512-srV5VaR6cgs808dm/gBDAuqUaPqgWsoLMPbmojMt/qGu2fEOSQzv5i3X0b5V6OyHM9k53BK449k22JHTCzpyAg==}
    engines: {node: '>=14.0.0'}
    cpu: [wasm32]

  '@oxc-transform/binding-win32-arm64-msvc@0.82.3':
    resolution: {integrity: sha512-6/YlbsKYXjd7lsEp2rdqaJ19MiLW6D+JZP6OSRrkZhRS0aFjpVB1NDEMquYr0dB+/Dd8NchHJoeNhJrhE80PgA==}
    engines: {node: '>=14.0.0'}
    cpu: [arm64]
    os: [win32]

  '@oxc-transform/binding-win32-x64-msvc@0.82.3':
    resolution: {integrity: sha512-2s19kAMWzeg4HDWTOxwXj9i+j3PXOISZeEwZT9IiEWX6as0o4Ab2zAnQvjwgKgCg3HProDmCHz3KFr8eBClhqQ==}
    engines: {node: '>=14.0.0'}
    cpu: [x64]
    os: [win32]

  '@rollup/pluginutils@5.2.0':
    resolution: {integrity: sha512-qWJ2ZTbmumwiLFomfzTyt5Kng4hwPi9rwCYN4SHb6eaRU1KNO4ccxINHr/VhH4GgPlt1XfSTLX2LBTme8ne4Zw==}
    engines: {node: '>=14.0.0'}
    peerDependencies:
      rollup: ^1.20.0||^2.0.0||^3.0.0||^4.0.0
    peerDependenciesMeta:
      rollup:
        optional: true

  '@rollup/rollup-android-arm-eabi@4.48.0':
    resolution: {integrity: sha512-aVzKH922ogVAWkKiyKXorjYymz2084zrhrZRXtLrA5eEx5SO8Dj0c/4FpCHZyn7MKzhW2pW4tK28vVr+5oQ2xw==}
    cpu: [arm]
    os: [android]

  '@rollup/rollup-android-arm64@4.48.0':
    resolution: {integrity: sha512-diOdQuw43xTa1RddAFbhIA8toirSzFMcnIg8kvlzRbK26xqEnKJ/vqQnghTAajy2Dcy42v+GMPMo6jq67od+Dw==}
    cpu: [arm64]
    os: [android]

  '@rollup/rollup-darwin-arm64@4.48.0':
    resolution: {integrity: sha512-QhR2KA18fPlJWFefySJPDYZELaVqIUVnYgAOdtJ+B/uH96CFg2l1TQpX19XpUMWUqMyIiyY45wje8K6F4w4/CA==}
    cpu: [arm64]
    os: [darwin]

  '@rollup/rollup-darwin-x64@4.48.0':
    resolution: {integrity: sha512-Q9RMXnQVJ5S1SYpNSTwXDpoQLgJ/fbInWOyjbCnnqTElEyeNvLAB3QvG5xmMQMhFN74bB5ZZJYkKaFPcOG8sGg==}
    cpu: [x64]
    os: [darwin]

  '@rollup/rollup-freebsd-arm64@4.48.0':
    resolution: {integrity: sha512-3jzOhHWM8O8PSfyft+ghXZfBkZawQA0PUGtadKYxFqpcYlOYjTi06WsnYBsbMHLawr+4uWirLlbhcYLHDXR16w==}
    cpu: [arm64]
    os: [freebsd]

  '@rollup/rollup-freebsd-x64@4.48.0':
    resolution: {integrity: sha512-NcD5uVUmE73C/TPJqf78hInZmiSBsDpz3iD5MF/BuB+qzm4ooF2S1HfeTChj5K4AV3y19FFPgxonsxiEpy8v/A==}
    cpu: [x64]
    os: [freebsd]

  '@rollup/rollup-linux-arm-gnueabihf@4.48.0':
    resolution: {integrity: sha512-JWnrj8qZgLWRNHr7NbpdnrQ8kcg09EBBq8jVOjmtlB3c8C6IrynAJSMhMVGME4YfTJzIkJqvSUSVJRqkDnu/aA==}
    cpu: [arm]
    os: [linux]

  '@rollup/rollup-linux-arm-musleabihf@4.48.0':
    resolution: {integrity: sha512-9xu92F0TxuMH0tD6tG3+GtngwdgSf8Bnz+YcsPG91/r5Vgh5LNofO48jV55priA95p3c92FLmPM7CvsVlnSbGQ==}
    cpu: [arm]
    os: [linux]

  '@rollup/rollup-linux-arm64-gnu@4.48.0':
    resolution: {integrity: sha512-NLtvJB5YpWn7jlp1rJiY0s+G1Z1IVmkDuiywiqUhh96MIraC0n7XQc2SZ1CZz14shqkM+XN2UrfIo7JB6UufOA==}
    cpu: [arm64]
    os: [linux]

  '@rollup/rollup-linux-arm64-musl@4.48.0':
    resolution: {integrity: sha512-QJ4hCOnz2SXgCh+HmpvZkM+0NSGcZACyYS8DGbWn2PbmA0e5xUk4bIP8eqJyNXLtyB4gZ3/XyvKtQ1IFH671vQ==}
    cpu: [arm64]
    os: [linux]

  '@rollup/rollup-linux-loongarch64-gnu@4.48.0':
    resolution: {integrity: sha512-Pk0qlGJnhILdIC5zSKQnprFjrGmjfDM7TPZ0FKJxRkoo+kgMRAg4ps1VlTZf8u2vohSicLg7NP+cA5qE96PaFg==}
    cpu: [loong64]
    os: [linux]

  '@rollup/rollup-linux-ppc64-gnu@4.48.0':
    resolution: {integrity: sha512-/dNFc6rTpoOzgp5GKoYjT6uLo8okR/Chi2ECOmCZiS4oqh3mc95pThWma7Bgyk6/WTEvjDINpiBCuecPLOgBLQ==}
    cpu: [ppc64]
    os: [linux]

  '@rollup/rollup-linux-riscv64-gnu@4.48.0':
    resolution: {integrity: sha512-YBwXsvsFI8CVA4ej+bJF2d9uAeIiSkqKSPQNn0Wyh4eMDY4wxuSp71BauPjQNCKK2tD2/ksJ7uhJ8X/PVY9bHQ==}
    cpu: [riscv64]
    os: [linux]

  '@rollup/rollup-linux-riscv64-musl@4.48.0':
    resolution: {integrity: sha512-FI3Rr2aGAtl1aHzbkBIamsQyuauYtTF9SDUJ8n2wMXuuxwchC3QkumZa1TEXYIv/1AUp1a25Kwy6ONArvnyeVQ==}
    cpu: [riscv64]
    os: [linux]

  '@rollup/rollup-linux-s390x-gnu@4.48.0':
    resolution: {integrity: sha512-Dx7qH0/rvNNFmCcIRe1pyQ9/H0XO4v/f0SDoafwRYwc2J7bJZ5N4CHL/cdjamISZ5Cgnon6iazAVRFlxSoHQnQ==}
    cpu: [s390x]
    os: [linux]

  '@rollup/rollup-linux-x64-gnu@4.48.0':
    resolution: {integrity: sha512-GUdZKTeKBq9WmEBzvFYuC88yk26vT66lQV8D5+9TgkfbewhLaTHRNATyzpQwwbHIfJvDJ3N9WJ90wK/uR3cy3Q==}
    cpu: [x64]
    os: [linux]

  '@rollup/rollup-linux-x64-musl@4.48.0':
    resolution: {integrity: sha512-ao58Adz/v14MWpQgYAb4a4h3fdw73DrDGtaiF7Opds5wNyEQwtO6M9dBh89nke0yoZzzaegq6J/EXs7eBebG8A==}
    cpu: [x64]
    os: [linux]

  '@rollup/rollup-win32-arm64-msvc@4.48.0':
    resolution: {integrity: sha512-kpFno46bHtjZVdRIOxqaGeiABiToo2J+st7Yce+aiAoo1H0xPi2keyQIP04n2JjDVuxBN6bSz9R6RdTK5hIppw==}
    cpu: [arm64]
    os: [win32]

  '@rollup/rollup-win32-ia32-msvc@4.48.0':
    resolution: {integrity: sha512-rFYrk4lLk9YUTIeihnQMiwMr6gDhGGSbWThPEDfBoU/HdAtOzPXeexKi7yU8jO+LWRKnmqPN9NviHQf6GDwBcQ==}
    cpu: [ia32]
    os: [win32]

  '@rollup/rollup-win32-x64-msvc@4.48.0':
    resolution: {integrity: sha512-sq0hHLTgdtwOPDB5SJOuaoHyiP1qSwg+71TQWk8iDS04bW1wIE0oQ6otPiRj2ZvLYNASLMaTp8QRGUVZ+5OL5A==}
    cpu: [x64]
    os: [win32]

  '@tybys/wasm-util@0.10.0':
    resolution: {integrity: sha512-VyyPYFlOMNylG45GoAe0xDoLwWuowvf92F9kySqzYh8vmYm7D2u4iUJKa1tOUpS70Ku13ASrOkS4ScXFsTaCNQ==}

  '@types/estree@1.0.8':
    resolution: {integrity: sha512-dWHzHa2WqEXI/O1E9OjrocMTKJl2mSrEolh1Iomrv6U+JuNwaHXsXx9bLu5gG7BUWFIN0skIQJQ/L1rIex4X6w==}

  '@types/node@24.3.0':
    resolution: {integrity: sha512-aPTXCrfwnDLj4VvXrm+UUCQjNEvJgNA8s5F1cvwQU+3KNltTOkBm1j30uNLyqqPNe7gE3KFzImYoZEfLhp4Yow==}

  estree-walker@2.0.2:
    resolution: {integrity: sha512-Rfkk/Mp/DL7JVje3u18FxFujQlTNR2q6QfMSMB7AvCBx91NGj/ba3kCfza0f6dVDbw7YlRf/nDrn7pQrCCyQ/w==}

  fsevents@2.3.3:
    resolution: {integrity: sha512-5xoDfX+fL7faATnagmWPpbFtwh/R77WmMMqqHGS65C3vvB0YHrgF+B1YmZ3441tMj5n63k0212XNoJwzlhffQw==}
    engines: {node: ^8.16.0 || ^10.6.0 || >=11.0.0}
    os: [darwin]

  napi-postinstall@0.3.3:
    resolution: {integrity: sha512-uTp172LLXSxuSYHv/kou+f6KW3SMppU9ivthaVTXian9sOt3XM/zHYHpRZiLgQoxeWfYUnslNWQHF1+G71xcow==}
    engines: {node: ^12.20.0 || ^14.18.0 || >=16.0.0}
    hasBin: true

  oxc-minify@0.82.3:
    resolution: {integrity: sha512-iXqx8UITGNp7Ox2X9CW9XmfOBbooXYvPYSbyOu7s9BWmgKNscBl4ySgiYYndZPu1c9TTSbLO6k9XpNvQzb1tWg==}
    engines: {node: '>=14.0.0'}

  oxc-resolver@11.6.2:
    resolution: {integrity: sha512-9lXwNQUzgPs5UgjKig5+EINESHYJCFsRQLzPyjWLc7sshl6ZXvXPiQfEGqUIs2fsd9SdV/jYmL7IuaK43cL0SA==}

  oxc-transform@0.82.3:
    resolution: {integrity: sha512-/vpZvbKSGpUcD06oTPMdAoLLNl2YjIzPAhAR2UDmBy/EyrTObmopxqOL9Pczg/R5cpisi7PzXbsn25tu00Ruqw==}
    engines: {node: '>=14.0.0'}

  picomatch@4.0.3:
    resolution: {integrity: sha512-5gTmgEY/sqK6gFXLIsQNH19lWb4ebPDLA4SdLP7dsWkIXHWlG66oPuVvXSGFPppYZz8ZDZq0dYYrbHfBCVUb1Q==}
    engines: {node: '>=12'}

  rollup@4.48.0:
    resolution: {integrity: sha512-BXHRqK1vyt9XVSEHZ9y7xdYtuYbwVod2mLwOMFP7t/Eqoc1pHRlG/WdV2qNeNvZHRQdLedaFycljaYYM96RqJQ==}
    engines: {node: '>=18.0.0', npm: '>=8.0.0'}
    hasBin: true

  tsconfck@3.1.6:
    resolution: {integrity: sha512-ks6Vjr/jEw0P1gmOVwutM3B7fWxoWBL2KRDb1JfqGVawBmO5UsvmWOQFGHBPl5yxYz4eERr19E6L7NMv+Fej4w==}
    engines: {node: ^18 || >=20}
    hasBin: true
    peerDependencies:
      typescript: ^5.0.0
    peerDependenciesMeta:
      typescript:
        optional: true

  tsconfig-migrate@0.0.0:
    resolution: {integrity: sha512-DdF06udF3tEwC3v+ZptvrlXyQ8dzoTER4CBGurPSSF1YoxYSui/bNakUkywnc5XN3JYaregn5iSnCa5cfztwJw==}

  tslib@2.8.1:
    resolution: {integrity: sha512-oJFu94HQb+KVduSUQL7wnpmqnfmLsOA/nAh6b6EH0wCEoK0/mPeXU6c3wKDV83MkOuHPRHtSXKKU99IBazS/2w==}

  typescript@5.9.2:
    resolution: {integrity: sha512-CWBzXQrc/qOkhidw1OzBTQuYRbfyxDXJMVJ1XNwUHGROVmuaeiEm3OslpZ1RV96d7SKKjZKrSJu3+t/xlw3R9A==}
    engines: {node: '>=14.17'}
    hasBin: true

  undici-types@7.10.0:
    resolution: {integrity: sha512-t5Fy/nfn+14LuOc2KNYg75vZqClpAiqscVvMygNnlsHBFpSXdJaYtXMcdNLpl/Qvc3P2cB3s6lOV51nqsFq4ag==}

snapshots:

  '@emnapi/core@1.4.5':
    dependencies:
      '@emnapi/wasi-threads': 1.0.4
      tslib: 2.8.1
    optional: true

  '@emnapi/runtime@1.4.5':
    dependencies:
      tslib: 2.8.1
    optional: true

  '@emnapi/wasi-threads@1.0.4':
    dependencies:
      tslib: 2.8.1
    optional: true

  '@napi-rs/wasm-runtime@1.0.3':
    dependencies:
      '@emnapi/core': 1.4.5
      '@emnapi/runtime': 1.4.5
      '@tybys/wasm-util': 0.10.0
    optional: true

  '@oxc-minify/binding-android-arm64@0.82.3':
    optional: true

  '@oxc-minify/binding-darwin-arm64@0.82.3':
    optional: true

  '@oxc-minify/binding-darwin-x64@0.82.3':
    optional: true

  '@oxc-minify/binding-freebsd-x64@0.82.3':
    optional: true

  '@oxc-minify/binding-linux-arm-gnueabihf@0.82.3':
    optional: true

  '@oxc-minify/binding-linux-arm-musleabihf@0.82.3':
    optional: true

  '@oxc-minify/binding-linux-arm64-gnu@0.82.3':
    optional: true

  '@oxc-minify/binding-linux-arm64-musl@0.82.3':
    optional: true

  '@oxc-minify/binding-linux-riscv64-gnu@0.82.3':
    optional: true

  '@oxc-minify/binding-linux-s390x-gnu@0.82.3':
    optional: true

  '@oxc-minify/binding-linux-x64-gnu@0.82.3':
    optional: true

  '@oxc-minify/binding-linux-x64-musl@0.82.3':
    optional: true

  '@oxc-minify/binding-wasm32-wasi@0.82.3':
    dependencies:
      '@napi-rs/wasm-runtime': 1.0.3
    optional: true

  '@oxc-minify/binding-win32-arm64-msvc@0.82.3':
    optional: true

  '@oxc-minify/binding-win32-x64-msvc@0.82.3':
    optional: true

  '@oxc-resolver/binding-android-arm-eabi@11.6.2':
    optional: true

  '@oxc-resolver/binding-android-arm64@11.6.2':
    optional: true

  '@oxc-resolver/binding-darwin-arm64@11.6.2':
    optional: true

  '@oxc-resolver/binding-darwin-x64@11.6.2':
    optional: true

  '@oxc-resolver/binding-freebsd-x64@11.6.2':
    optional: true

  '@oxc-resolver/binding-linux-arm-gnueabihf@11.6.2':
    optional: true

  '@oxc-resolver/binding-linux-arm-musleabihf@11.6.2':
    optional: true

  '@oxc-resolver/binding-linux-arm64-gnu@11.6.2':
    optional: true

  '@oxc-resolver/binding-linux-arm64-musl@11.6.2':
    optional: true

  '@oxc-resolver/binding-linux-ppc64-gnu@11.6.2':
    optional: true

  '@oxc-resolver/binding-linux-riscv64-gnu@11.6.2':
    optional: true

  '@oxc-resolver/binding-linux-riscv64-musl@11.6.2':
    optional: true

  '@oxc-resolver/binding-linux-s390x-gnu@11.6.2':
    optional: true

  '@oxc-resolver/binding-linux-x64-gnu@11.6.2':
    optional: true

  '@oxc-resolver/binding-linux-x64-musl@11.6.2':
    optional: true

  '@oxc-resolver/binding-wasm32-wasi@11.6.2':
    dependencies:
      '@napi-rs/wasm-runtime': 1.0.3
    optional: true

  '@oxc-resolver/binding-win32-arm64-msvc@11.6.2':
    optional: true

  '@oxc-resolver/binding-win32-ia32-msvc@11.6.2':
    optional: true

  '@oxc-resolver/binding-win32-x64-msvc@11.6.2':
    optional: true

  '@oxc-transform/binding-android-arm64@0.82.3':
    optional: true

  '@oxc-transform/binding-darwin-arm64@0.82.3':
    optional: true

  '@oxc-transform/binding-darwin-x64@0.82.3':
    optional: true

  '@oxc-transform/binding-freebsd-x64@0.82.3':
    optional: true

  '@oxc-transform/binding-linux-arm-gnueabihf@0.82.3':
    optional: true

  '@oxc-transform/binding-linux-arm-musleabihf@0.82.3':
    optional: true

  '@oxc-transform/binding-linux-arm64-gnu@0.82.3':
    optional: true

  '@oxc-transform/binding-linux-arm64-musl@0.82.3':
    optional: true

  '@oxc-transform/binding-linux-riscv64-gnu@0.82.3':
    optional: true

  '@oxc-transform/binding-linux-s390x-gnu@0.82.3':
    optional: true

  '@oxc-transform/binding-linux-x64-gnu@0.82.3':
    optional: true

  '@oxc-transform/binding-linux-x64-musl@0.82.3':
    optional: true

  '@oxc-transform/binding-wasm32-wasi@0.82.3':
    dependencies:
      '@napi-rs/wasm-runtime': 1.0.3
    optional: true

  '@oxc-transform/binding-win32-arm64-msvc@0.82.3':
    optional: true

  '@oxc-transform/binding-win32-x64-msvc@0.82.3':
    optional: true

  '@rollup/pluginutils@5.2.0(rollup@4.48.0)':
    dependencies:
      '@types/estree': 1.0.8
      estree-walker: 2.0.2
      picomatch: 4.0.3
    optionalDependencies:
      rollup: 4.48.0

  '@rollup/rollup-android-arm-eabi@4.48.0':
    optional: true

  '@rollup/rollup-android-arm64@4.48.0':
    optional: true

  '@rollup/rollup-darwin-arm64@4.48.0':
    optional: true

  '@rollup/rollup-darwin-x64@4.48.0':
    optional: true

  '@rollup/rollup-freebsd-arm64@4.48.0':
    optional: true

  '@rollup/rollup-freebsd-x64@4.48.0':
    optional: true

  '@rollup/rollup-linux-arm-gnueabihf@4.48.0':
    optional: true

  '@rollup/rollup-linux-arm-musleabihf@4.48.0':
    optional: true

  '@rollup/rollup-linux-arm64-gnu@4.48.0':
    optional: true

  '@rollup/rollup-linux-arm64-musl@4.48.0':
    optional: true

  '@rollup/rollup-linux-loongarch64-gnu@4.48.0':
    optional: true

  '@rollup/rollup-linux-ppc64-gnu@4.48.0':
    optional: true

  '@rollup/rollup-linux-riscv64-gnu@4.48.0':
    optional: true

  '@rollup/rollup-linux-riscv64-musl@4.48.0':
    optional: true

  '@rollup/rollup-linux-s390x-gnu@4.48.0':
    optional: true

  '@rollup/rollup-linux-x64-gnu@4.48.0':
    optional: true

  '@rollup/rollup-linux-x64-musl@4.48.0':
    optional: true

  '@rollup/rollup-win32-arm64-msvc@4.48.0':
    optional: true

  '@rollup/rollup-win32-ia32-msvc@4.48.0':
    optional: true

  '@rollup/rollup-win32-x64-msvc@4.48.0':
    optional: true

  '@tybys/wasm-util@0.10.0':
    dependencies:
      tslib: 2.8.1
    optional: true

  '@types/estree@1.0.8': {}

  '@types/node@24.3.0':
    dependencies:
      undici-types: 7.10.0

  estree-walker@2.0.2: {}

  fsevents@2.3.3:
    optional: true

  napi-postinstall@0.3.3: {}

  oxc-minify@0.82.3:
    optionalDependencies:
      '@oxc-minify/binding-android-arm64': 0.82.3
      '@oxc-minify/binding-darwin-arm64': 0.82.3
      '@oxc-minify/binding-darwin-x64': 0.82.3
      '@oxc-minify/binding-freebsd-x64': 0.82.3
      '@oxc-minify/binding-linux-arm-gnueabihf': 0.82.3
      '@oxc-minify/binding-linux-arm-musleabihf': 0.82.3
      '@oxc-minify/binding-linux-arm64-gnu': 0.82.3
      '@oxc-minify/binding-linux-arm64-musl': 0.82.3
      '@oxc-minify/binding-linux-riscv64-gnu': 0.82.3
      '@oxc-minify/binding-linux-s390x-gnu': 0.82.3
      '@oxc-minify/binding-linux-x64-gnu': 0.82.3
      '@oxc-minify/binding-linux-x64-musl': 0.82.3
      '@oxc-minify/binding-wasm32-wasi': 0.82.3
      '@oxc-minify/binding-win32-arm64-msvc': 0.82.3
      '@oxc-minify/binding-win32-x64-msvc': 0.82.3

  oxc-resolver@11.6.2:
    dependencies:
      napi-postinstall: 0.3.3
    optionalDependencies:
      '@oxc-resolver/binding-android-arm-eabi': 11.6.2
      '@oxc-resolver/binding-android-arm64': 11.6.2
      '@oxc-resolver/binding-darwin-arm64': 11.6.2
      '@oxc-resolver/binding-darwin-x64': 11.6.2
      '@oxc-resolver/binding-freebsd-x64': 11.6.2
      '@oxc-resolver/binding-linux-arm-gnueabihf': 11.6.2
      '@oxc-resolver/binding-linux-arm-musleabihf': 11.6.2
      '@oxc-resolver/binding-linux-arm64-gnu': 11.6.2
      '@oxc-resolver/binding-linux-arm64-musl': 11.6.2
      '@oxc-resolver/binding-linux-ppc64-gnu': 11.6.2
      '@oxc-resolver/binding-linux-riscv64-gnu': 11.6.2
      '@oxc-resolver/binding-linux-riscv64-musl': 11.6.2
      '@oxc-resolver/binding-linux-s390x-gnu': 11.6.2
      '@oxc-resolver/binding-linux-x64-gnu': 11.6.2
      '@oxc-resolver/binding-linux-x64-musl': 11.6.2
      '@oxc-resolver/binding-wasm32-wasi': 11.6.2
      '@oxc-resolver/binding-win32-arm64-msvc': 11.6.2
      '@oxc-resolver/binding-win32-ia32-msvc': 11.6.2
      '@oxc-resolver/binding-win32-x64-msvc': 11.6.2

  oxc-transform@0.82.3:
    optionalDependencies:
      '@oxc-transform/binding-android-arm64': 0.82.3
      '@oxc-transform/binding-darwin-arm64': 0.82.3
      '@oxc-transform/binding-darwin-x64': 0.82.3
      '@oxc-transform/binding-freebsd-x64': 0.82.3
      '@oxc-transform/binding-linux-arm-gnueabihf': 0.82.3
      '@oxc-transform/binding-linux-arm-musleabihf': 0.82.3
      '@oxc-transform/binding-linux-arm64-gnu': 0.82.3
      '@oxc-transform/binding-linux-arm64-musl': 0.82.3
      '@oxc-transform/binding-linux-riscv64-gnu': 0.82.3
      '@oxc-transform/binding-linux-s390x-gnu': 0.82.3
      '@oxc-transform/binding-linux-x64-gnu': 0.82.3
      '@oxc-transform/binding-linux-x64-musl': 0.82.3
      '@oxc-transform/binding-wasm32-wasi': 0.82.3
      '@oxc-transform/binding-win32-arm64-msvc': 0.82.3
      '@oxc-transform/binding-win32-x64-msvc': 0.82.3

  picomatch@4.0.3: {}

  rollup@4.48.0:
    dependencies:
      '@types/estree': 1.0.8
    optionalDependencies:
      '@rollup/rollup-android-arm-eabi': 4.48.0
      '@rollup/rollup-android-arm64': 4.48.0
      '@rollup/rollup-darwin-arm64': 4.48.0
      '@rollup/rollup-darwin-x64': 4.48.0
      '@rollup/rollup-freebsd-arm64': 4.48.0
      '@rollup/rollup-freebsd-x64': 4.48.0
      '@rollup/rollup-linux-arm-gnueabihf': 4.48.0
      '@rollup/rollup-linux-arm-musleabihf': 4.48.0
      '@rollup/rollup-linux-arm64-gnu': 4.48.0
      '@rollup/rollup-linux-arm64-musl': 4.48.0
      '@rollup/rollup-linux-loongarch64-gnu': 4.48.0
      '@rollup/rollup-linux-ppc64-gnu': 4.48.0
      '@rollup/rollup-linux-riscv64-gnu': 4.48.0
      '@rollup/rollup-linux-riscv64-musl': 4.48.0
      '@rollup/rollup-linux-s390x-gnu': 4.48.0
      '@rollup/rollup-linux-x64-gnu': 4.48.0
      '@rollup/rollup-linux-x64-musl': 4.48.0
      '@rollup/rollup-win32-arm64-msvc': 4.48.0
      '@rollup/rollup-win32-ia32-msvc': 4.48.0
      '@rollup/rollup-win32-x64-msvc': 4.48.0
      fsevents: 2.3.3

  tsconfck@3.1.6(typescript@5.9.2):
    optionalDependencies:
      typescript: 5.9.2

  tsconfig-migrate@0.0.0: {}

  tslib@2.8.1:
    optional: true

  typescript@5.9.2: {}

  undici-types@7.10.0: {}
