lockfileVersion: '9.0'

settings:
  autoInstallPeers: true
  excludeLinksFromLockfile: false

importers:

  .:
    dependencies:
      '@rollup/pluginutils':
        specifier: ^5.2.0
        version: 5.2.0(rollup@4.45.1)
      oxc-minify:
        specifier: ^0.77.2
        version: 0.77.2
      oxc-resolver:
        specifier: ^11.6.0
        version: 11.6.0
      oxc-transform:
        specifier: ^0.77.2
        version: 0.77.2
      tsconfck:
        specifier: ^3.1.6
        version: 3.1.6(typescript@5.8.3)
      tsconfig-migrate:
        specifier: ^0.0.0
        version: 0.0.0
    devDependencies:
      '@types/node':
        specifier: ^24.0.15
        version: 24.0.15
      rollup:
        specifier: ^4.45.1
        version: 4.45.1
      typescript:
        specifier: ^5.8.3
        version: 5.8.3

packages:

  '@emnapi/core@1.4.5':
    resolution: {integrity: sha512-XsLw1dEOpkSX/WucdqUhPWP7hDxSvZiY+fsUC14h+FtQ2Ifni4znbBt8punRX+Uj2JG/uDb8nEHVKvrVlvdZ5Q==}

  '@emnapi/runtime@1.4.5':
    resolution: {integrity: sha512-++LApOtY0pEEz1zrd9vy1/zXVaVJJ/EbAF3u0fXIzPJEDtnITsBGbbK0EkM72amhl/R5b+5xx0Y/QhcVOpuulg==}

  '@emnapi/wasi-threads@1.0.4':
    resolution: {integrity: sha512-PJR+bOmMOPH8AtcTGAyYNiuJ3/Fcoj2XN/gBEWzDIKh254XO+mM9XoXHk5GNEhodxeMznbg7BlRojVbKN+gC6g==}

  '@napi-rs/wasm-runtime@1.0.0':
    resolution: {integrity: sha512-OInwPIZhcQ+aWOBFMUXzv95RLDTBRPaNPm5kSFJaL3gVAMVxrzc0YXNsVeLPHf+4sTviOy2e5wZdvKILb7dC/w==}

  '@oxc-minify/binding-android-arm64@0.77.2':
    resolution: {integrity: sha512-mYTzTLmuIz8bg7DyXu7IL3cOy28jfuiTRff4pZcQCRhWgU4LxAq2WmLw69/XvFE1zTJGVRc0nbOoxVw2o4FHIw==}
    engines: {node: '>=14.0.0'}
    cpu: [arm64]
    os: [android]

  '@oxc-minify/binding-darwin-arm64@0.77.2':
    resolution: {integrity: sha512-aPj/O0U66GY5Wcyd8Vn6ypkfWPEX7LZRyfUOpDNruGujM5N/i2Q9jJZfIzApMIBZXpNtUpD+RKpOaI5xJPiVdw==}
    engines: {node: '>=14.0.0'}
    cpu: [arm64]
    os: [darwin]

  '@oxc-minify/binding-darwin-x64@0.77.2':
    resolution: {integrity: sha512-a0xan+7vaUuN4ytDe7H1DM7Pywx2Nucqdab3FH04A0TVhuIN0FVdFE5E5wv6ulvoqRXXfgV5VQg5FWKhHCqPsA==}
    engines: {node: '>=14.0.0'}
    cpu: [x64]
    os: [darwin]

  '@oxc-minify/binding-freebsd-x64@0.77.2':
    resolution: {integrity: sha512-U5dQIDBSs8bwQB7pjComddcnQFqNezTD09ZOWClb9sk/wQrhx8ttfT10zNURxNPNEUsebBhXlxuGNIf1jCDp2w==}
    engines: {node: '>=14.0.0'}
    cpu: [x64]
    os: [freebsd]

  '@oxc-minify/binding-linux-arm-gnueabihf@0.77.2':
    resolution: {integrity: sha512-nRChRIlsHb/DQln+mVb4oO0rYFOjwOJxhBQ4fB/xHI2i4PJ6O7H7KFjKDnE/VBzaNn4woY7pF2WtYGJ0V7+xMQ==}
    engines: {node: '>=14.0.0'}
    cpu: [arm]
    os: [linux]

  '@oxc-minify/binding-linux-arm-musleabihf@0.77.2':
    resolution: {integrity: sha512-+PdgJzXqrJLDLWVvDsAQ0sV4HVZer4fiM2D3APFmtUtPf/I02kZdjA5vN85RPyg5KCA8wIl9+jF/qCylsqHJsA==}
    engines: {node: '>=14.0.0'}
    cpu: [arm]
    os: [linux]

  '@oxc-minify/binding-linux-arm64-gnu@0.77.2':
    resolution: {integrity: sha512-qpDxd30LiwgdwsATRcFh4vWAyvNRLbkOz3D/S07e26OuWJ/gMrbuGe8MVgUkgEC9smWRzXT/hjuBkJ9Adxvwjg==}
    engines: {node: '>=14.0.0'}
    cpu: [arm64]
    os: [linux]
    libc: [glibc]

  '@oxc-minify/binding-linux-arm64-musl@0.77.2':
    resolution: {integrity: sha512-Cs5ThBe7Mp8XoXTja2zk8QF1/NcML39RRZEmvxcKCXtNs1Ny90dWEu7w2c1dzGR//TR8GOPlJRkfuE12tcOueQ==}
    engines: {node: '>=14.0.0'}
    cpu: [arm64]
    os: [linux]
    libc: [musl]

  '@oxc-minify/binding-linux-riscv64-gnu@0.77.2':
    resolution: {integrity: sha512-jLliAtoUVR0Zc+f7r/HjnBI13FiS6t4qwl/ALLzPlQEnKS7NkNNzce9MkFkuETZdpQJ5sc50Hd+Rn383YASWew==}
    engines: {node: '>=14.0.0'}
    cpu: [riscv64]
    os: [linux]
    libc: [glibc]

  '@oxc-minify/binding-linux-s390x-gnu@0.77.2':
    resolution: {integrity: sha512-yqhacpOkAiNvkx8KKUWrsMhs0GpBvObu39/CSz0rtJ++svaUVKbHLRfG/C3XfRqzMCDw9ZTHbAEFxRjVFZcMFA==}
    engines: {node: '>=14.0.0'}
    cpu: [s390x]
    os: [linux]
    libc: [glibc]

  '@oxc-minify/binding-linux-x64-gnu@0.77.2':
    resolution: {integrity: sha512-FoPJ9nNtRc9+eZEkq9UQtUp5hEwd+xFwSb8m5Jx7Ee14suWWXBbt/fZv+I38YfU/DuK7tDKUEaWJ2929jY42wA==}
    engines: {node: '>=14.0.0'}
    cpu: [x64]
    os: [linux]
    libc: [glibc]

  '@oxc-minify/binding-linux-x64-musl@0.77.2':
    resolution: {integrity: sha512-39YZplZUT6RQs2j6Md5v+8+16RkKot/cWUDIvHSCOjhP2SnjeU5BRmJx3k4SpraRs1rBCHYH8ddjHVP7zWgSoA==}
    engines: {node: '>=14.0.0'}
    cpu: [x64]
    os: [linux]
    libc: [musl]

  '@oxc-minify/binding-wasm32-wasi@0.77.2':
    resolution: {integrity: sha512-sVkaTZDa4i2okkPI+43N6ijOwlasVJAbe9JS3TVM1SZApkMYloFfiNBgzeHm2fyQKDF3pDvkN2pebkJwMCFapQ==}
    engines: {node: '>=14.0.0'}
    cpu: [wasm32]

  '@oxc-minify/binding-win32-arm64-msvc@0.77.2':
    resolution: {integrity: sha512-jmFNYbMUT/6Yoxu//cBMPFpm2wiAebsq+te7qb58zYQ1/UnvCYssrXpHwUBN8t7m9d5m0wG11W4pxbz+xmr1cw==}
    engines: {node: '>=14.0.0'}
    cpu: [arm64]
    os: [win32]

  '@oxc-minify/binding-win32-x64-msvc@0.77.2':
    resolution: {integrity: sha512-lK5RPDuLQMLVsVMJfYWtUuiABIL3l81oVG8WkTB1WeoHpQYL6zm7tXBoCFD+dRRWwiipVO+57XF4LzkfTxzwDQ==}
    engines: {node: '>=14.0.0'}
    cpu: [x64]
    os: [win32]

  '@oxc-resolver/binding-android-arm-eabi@11.6.0':
    resolution: {integrity: sha512-UJTf5uZs919qavt9Btvbzkr3eaUu4d+FXBri8AB2BtOezriaTTUvArab2K9fdACQ4yFggTD5ews1l19V/6SW2Q==}
    cpu: [arm]
    os: [android]

  '@oxc-resolver/binding-android-arm64@11.6.0':
    resolution: {integrity: sha512-v17j1WLEAIlyc+6JOWPXcky7dkU3fN8nHTP8KSK05zkkBO0t28R3Q0udmNBiJtVSnw4EFB/fy/3Mu2ItpG6bVQ==}
    cpu: [arm64]
    os: [android]

  '@oxc-resolver/binding-darwin-arm64@11.6.0':
    resolution: {integrity: sha512-ZrU+qd5AKe8s7PZDLCHY23UpbGn1RAkcNd4JYjOTnX22XEjSqLvyC6pCMngTyfgGVJ4zXFubBkRzt/k3xOjNlQ==}
    cpu: [arm64]
    os: [darwin]

  '@oxc-resolver/binding-darwin-x64@11.6.0':
    resolution: {integrity: sha512-qBIlX0X0RSxQHcXQnFpBGKxrDVtj7OdpWFGmrcR3NcndVjZ/wJRPST5uTTM83NfsHyuUeOi/vRZjmDrthvhnSQ==}
    cpu: [x64]
    os: [darwin]

  '@oxc-resolver/binding-freebsd-x64@11.6.0':
    resolution: {integrity: sha512-tTyMlHHNhbkq/oEP/fM8hPZ6lqntHIz6EfOt577/lslrwxC5a/ii0lOOHjPuQtkurpyUBWYPs7Z17EgrZulc4Q==}
    cpu: [x64]
    os: [freebsd]

  '@oxc-resolver/binding-linux-arm-gnueabihf@11.6.0':
    resolution: {integrity: sha512-tYinHy5k9/rujo21mG2jZckJJD7fsceNDl5HOl/eh5NPjSt2vXQv181PVKeITw3+3i+gI1d666w5EtgpiCegRA==}
    cpu: [arm]
    os: [linux]

  '@oxc-resolver/binding-linux-arm-musleabihf@11.6.0':
    resolution: {integrity: sha512-aOlGlSiT9fBgSyiIWvSxbyzaBx3XrgCy6UJRrqBkIvMO9D7W90JmV0RsiLua4w43zJSSrfuQQWqmFCwgIib3Iw==}
    cpu: [arm]
    os: [linux]

  '@oxc-resolver/binding-linux-arm64-gnu@11.6.0':
    resolution: {integrity: sha512-EZ/OuxZA9qQoAANBDb9V4krfYXU3MC+LZ9qY+cE0yMYMIxm7NT5AdR0OaRQqfa3tWIbina1VF7FaMR6rpKvmlA==}
    cpu: [arm64]
    os: [linux]
    libc: [glibc]

  '@oxc-resolver/binding-linux-arm64-musl@11.6.0':
    resolution: {integrity: sha512-NpF7sID4NnPetpqDk2eOu6TPUt381Qlpos8nGDcSkAluqSsSGFOPfETEB5VbJeqNVQbepEQX9mOxZygFpW0+nA==}
    cpu: [arm64]
    os: [linux]
    libc: [musl]

  '@oxc-resolver/binding-linux-ppc64-gnu@11.6.0':
    resolution: {integrity: sha512-Sqn9Ha4rxCCpjpfkFi9f9y9phsaBnseaKw+JqHgBQoNMToe+/20A1jwIu9OX+484UuLpduM+wLydgngjnoi7Dg==}
    cpu: [ppc64]
    os: [linux]
    libc: [glibc]

  '@oxc-resolver/binding-linux-riscv64-gnu@11.6.0':
    resolution: {integrity: sha512-eFoNcPhImp1FLAQf5U3Nlph4WNWEsdWohSThSTtKPrX+jhPZiVsj3iBC9gjaRwq2Ez4QhP1x7/PSL6mtKnS6rw==}
    cpu: [riscv64]
    os: [linux]
    libc: [glibc]

  '@oxc-resolver/binding-linux-riscv64-musl@11.6.0':
    resolution: {integrity: sha512-WQw3CT10aJg7SIc/X1QPrh6lTx2wOLg5IaCu/+Mqlxf1nZBEW3+tV/+y3PzXG0MCRhq7FDTiHaW8MBVAwBineQ==}
    cpu: [riscv64]
    os: [linux]
    libc: [musl]

  '@oxc-resolver/binding-linux-s390x-gnu@11.6.0':
    resolution: {integrity: sha512-p5qcPr/EtGJ2PpeeArL3ifZU/YljWLypeu38+e19z2dyPv8Aoby8tjM+D1VTI8+suMwTkseyove/uu6zIUiqRw==}
    cpu: [s390x]
    os: [linux]
    libc: [glibc]

  '@oxc-resolver/binding-linux-x64-gnu@11.6.0':
    resolution: {integrity: sha512-/9M/ieoY5v54k3UjtF9Vw43WQ4bBfed+qRL1uIpFbZcO2qi5aXwVMYnjSd/BoaRtDs5JFV9iOjzHwpw0zdOYZA==}
    cpu: [x64]
    os: [linux]
    libc: [glibc]

  '@oxc-resolver/binding-linux-x64-musl@11.6.0':
    resolution: {integrity: sha512-HMtWWHTU7zbwceTFZPAPMMhhWR1nNO2OR60r6i55VprCMvttTWPQl7uLP0AUtAPoU9B/2GqP48rzOuaaKhHnYw==}
    cpu: [x64]
    os: [linux]
    libc: [musl]

  '@oxc-resolver/binding-wasm32-wasi@11.6.0':
    resolution: {integrity: sha512-rDAwr2oqmnG/6LSZJwvO3Bmt/RC3/Q6myyaUmg3P7GhZDyFPrWJONB7NFhPwU2Q4JIpA73ST4LBdhzmGxMTmrw==}
    engines: {node: '>=14.0.0'}
    cpu: [wasm32]

  '@oxc-resolver/binding-win32-arm64-msvc@11.6.0':
    resolution: {integrity: sha512-COzy8weljZo2lObWl6ZzW6ypDx1v1rtLdnt7JPjTUARikK1gMzlz9kouQhCtCegNFILx2L2oWw7714fnchqujw==}
    cpu: [arm64]
    os: [win32]

  '@oxc-resolver/binding-win32-ia32-msvc@11.6.0':
    resolution: {integrity: sha512-p2tMRdi91CovjLBApDPD/uEy1/5r7U6iVkfagLYDytgvj6nJ1EAxLUdXbhoe6//50IvDC/5I51nGCdxmOUiXlQ==}
    cpu: [ia32]
    os: [win32]

  '@oxc-resolver/binding-win32-x64-msvc@11.6.0':
    resolution: {integrity: sha512-p6b9q5TACd/y39kDK2HENXqd4lThoVrTkxdvizqd5/VwyHcoSd0cDcIEhHpxvfjc83VsODCBgB/zcjp//TlaqA==}
    cpu: [x64]
    os: [win32]

  '@oxc-transform/binding-android-arm64@0.77.2':
    resolution: {integrity: sha512-NlMa88mjGUNEcNBJ6QZUYKRkaX1nqQBYP7ZyOO641itjl9v0z53GnmDRdUuF9ZQ9QX9Tm0PiqUALXd6KOKM1Mw==}
    engines: {node: '>=14.0.0'}
    cpu: [arm64]
    os: [android]

  '@oxc-transform/binding-darwin-arm64@0.77.2':
    resolution: {integrity: sha512-n8Oskx76R9C1hP380hXeFSqbF8eMwDk8d3I9DT1ihg7qCR3GOqf1L374YjpOPbszqz/bpNtEfUN+FptEmolH8A==}
    engines: {node: '>=14.0.0'}
    cpu: [arm64]
    os: [darwin]

  '@oxc-transform/binding-darwin-x64@0.77.2':
    resolution: {integrity: sha512-NrzMkyRQpBjymVTxsShgtGpVxYhDTFND8Bdzru7zagW4fio20JksOAOOiGx1HXmm6Y8D2UjaTlOOPVkxkQoq1w==}
    engines: {node: '>=14.0.0'}
    cpu: [x64]
    os: [darwin]

  '@oxc-transform/binding-freebsd-x64@0.77.2':
    resolution: {integrity: sha512-7bm2ZKTqQZJ8++/hTnhheVUUM2SNs3zlF8ETYOo89ipINhf9abYtSrACrOi1tZx16RhTpIpazjzWu3Zy4gNldg==}
    engines: {node: '>=14.0.0'}
    cpu: [x64]
    os: [freebsd]

  '@oxc-transform/binding-linux-arm-gnueabihf@0.77.2':
    resolution: {integrity: sha512-16lqZ+mhHy+8P45jKgJwvwRlB09LMmhD5HVwCUY1xdpteWb0dVndM4j93SvDNtcybi4IlaPHG8xTSfULfGvefw==}
    engines: {node: '>=14.0.0'}
    cpu: [arm]
    os: [linux]

  '@oxc-transform/binding-linux-arm-musleabihf@0.77.2':
    resolution: {integrity: sha512-Q7mvXaswFvdQEeXZlsach9/uuJDwAEwtlJNVxVv26rZWFGEa8UWdsd9No6/9wJcIBq8sVAQe1ZlgxzArs74P5A==}
    engines: {node: '>=14.0.0'}
    cpu: [arm]
    os: [linux]

  '@oxc-transform/binding-linux-arm64-gnu@0.77.2':
    resolution: {integrity: sha512-rVvhbZZ+Ekay7TPH7JcONqKKK5NYRQsXvbLKJaiHp8v9aUDA4YcDz+ni6ClqhVAEtnmfgPRwEwNOQcbbyGxdMQ==}
    engines: {node: '>=14.0.0'}
    cpu: [arm64]
    os: [linux]
    libc: [glibc]

  '@oxc-transform/binding-linux-arm64-musl@0.77.2':
    resolution: {integrity: sha512-mwzIwBg6Al/AzpvpU432LEut6uNK4TSCUGWdICR6+Xk80P0Abl6M8SFCCItSCDyS2FeMN3RHlIHNfs8kv8bzvw==}
    engines: {node: '>=14.0.0'}
    cpu: [arm64]
    os: [linux]
    libc: [musl]

  '@oxc-transform/binding-linux-riscv64-gnu@0.77.2':
    resolution: {integrity: sha512-ehj4T4nLSh1bnIgHDisGLPqP2Tds3ZVggqKzSnSisjmXWS94Z7VdFokHzzXWCcLU4+dIqhEDVaAmmbOnXwgMAQ==}
    engines: {node: '>=14.0.0'}
    cpu: [riscv64]
    os: [linux]
    libc: [glibc]

  '@oxc-transform/binding-linux-s390x-gnu@0.77.2':
    resolution: {integrity: sha512-ypiInO21qTgJ2+U8bBTLQZ0vVQ/QAKgWUlA0V5LIndZ+jS96FHC3dxHsQlRCnsRffeBo4rRMq5jH02/C+6IQGA==}
    engines: {node: '>=14.0.0'}
    cpu: [s390x]
    os: [linux]
    libc: [glibc]

  '@oxc-transform/binding-linux-x64-gnu@0.77.2':
    resolution: {integrity: sha512-FWI/iCgy4OEvnVSZG1gClmOY1XyJoTJmlHE+XzUSngd8fgeBls1uHJsqLKMZ4yFT5lr2JL3EA0KyqdX6G4UOng==}
    engines: {node: '>=14.0.0'}
    cpu: [x64]
    os: [linux]
    libc: [glibc]

  '@oxc-transform/binding-linux-x64-musl@0.77.2':
    resolution: {integrity: sha512-qxcDLhQVbBTawUsBu3NjlT8AtlzzIIjTeEN5orMBAUHUzKZVDLFww56j1ykGFL45SXhUB7h2jYgW1mbYhVpRwA==}
    engines: {node: '>=14.0.0'}
    cpu: [x64]
    os: [linux]
    libc: [musl]

  '@oxc-transform/binding-wasm32-wasi@0.77.2':
    resolution: {integrity: sha512-Kd3t7aB4hpKglMm43fr/8T3UqMmRh/LJCTH9qqGA/BPvb4HLNLeUnUkSH6zmWl0tJqkjviFPx7bQ/pVOyZHbUw==}
    engines: {node: '>=14.0.0'}
    cpu: [wasm32]

  '@oxc-transform/binding-win32-arm64-msvc@0.77.2':
    resolution: {integrity: sha512-PyD29+qa0XnVSHHPQPbxTPUDalbZ908myV9EIQoO9Ut5ZmVwwKDFu37/TMUtETEGN8HFz02kj/f+Sxa4BIjUFA==}
    engines: {node: '>=14.0.0'}
    cpu: [arm64]
    os: [win32]

  '@oxc-transform/binding-win32-x64-msvc@0.77.2':
    resolution: {integrity: sha512-PenSWjABnguvJr66SYNIfS388WxweYyTHsYspYhGMpnCGIplWdr2KLp4LN3C+701mBDbLAmE33WfuE4862bOWw==}
    engines: {node: '>=14.0.0'}
    cpu: [x64]
    os: [win32]

  '@rollup/pluginutils@5.2.0':
    resolution: {integrity: sha512-qWJ2ZTbmumwiLFomfzTyt5Kng4hwPi9rwCYN4SHb6eaRU1KNO4ccxINHr/VhH4GgPlt1XfSTLX2LBTme8ne4Zw==}
    engines: {node: '>=14.0.0'}
    peerDependencies:
      rollup: ^1.20.0||^2.0.0||^3.0.0||^4.0.0
    peerDependenciesMeta:
      rollup:
        optional: true

  '@rollup/rollup-android-arm-eabi@4.45.1':
    resolution: {integrity: sha512-NEySIFvMY0ZQO+utJkgoMiCAjMrGvnbDLHvcmlA33UXJpYBCvlBEbMMtV837uCkS+plG2umfhn0T5mMAxGrlRA==}
    cpu: [arm]
    os: [android]

  '@rollup/rollup-android-arm64@4.45.1':
    resolution: {integrity: sha512-ujQ+sMXJkg4LRJaYreaVx7Z/VMgBBd89wGS4qMrdtfUFZ+TSY5Rs9asgjitLwzeIbhwdEhyj29zhst3L1lKsRQ==}
    cpu: [arm64]
    os: [android]

  '@rollup/rollup-darwin-arm64@4.45.1':
    resolution: {integrity: sha512-FSncqHvqTm3lC6Y13xncsdOYfxGSLnP+73k815EfNmpewPs+EyM49haPS105Rh4aF5mJKywk9X0ogzLXZzN9lA==}
    cpu: [arm64]
    os: [darwin]

  '@rollup/rollup-darwin-x64@4.45.1':
    resolution: {integrity: sha512-2/vVn/husP5XI7Fsf/RlhDaQJ7x9zjvC81anIVbr4b/f0xtSmXQTFcGIQ/B1cXIYM6h2nAhJkdMHTnD7OtQ9Og==}
    cpu: [x64]
    os: [darwin]

  '@rollup/rollup-freebsd-arm64@4.45.1':
    resolution: {integrity: sha512-4g1kaDxQItZsrkVTdYQ0bxu4ZIQ32cotoQbmsAnW1jAE4XCMbcBPDirX5fyUzdhVCKgPcrwWuucI8yrVRBw2+g==}
    cpu: [arm64]
    os: [freebsd]

  '@rollup/rollup-freebsd-x64@4.45.1':
    resolution: {integrity: sha512-L/6JsfiL74i3uK1Ti2ZFSNsp5NMiM4/kbbGEcOCps99aZx3g8SJMO1/9Y0n/qKlWZfn6sScf98lEOUe2mBvW9A==}
    cpu: [x64]
    os: [freebsd]

  '@rollup/rollup-linux-arm-gnueabihf@4.45.1':
    resolution: {integrity: sha512-RkdOTu2jK7brlu+ZwjMIZfdV2sSYHK2qR08FUWcIoqJC2eywHbXr0L8T/pONFwkGukQqERDheaGTeedG+rra6Q==}
    cpu: [arm]
    os: [linux]
    libc: [glibc]

  '@rollup/rollup-linux-arm-musleabihf@4.45.1':
    resolution: {integrity: sha512-3kJ8pgfBt6CIIr1o+HQA7OZ9mp/zDk3ctekGl9qn/pRBgrRgfwiffaUmqioUGN9hv0OHv2gxmvdKOkARCtRb8Q==}
    cpu: [arm]
    os: [linux]
    libc: [musl]

  '@rollup/rollup-linux-arm64-gnu@4.45.1':
    resolution: {integrity: sha512-k3dOKCfIVixWjG7OXTCOmDfJj3vbdhN0QYEqB+OuGArOChek22hn7Uy5A/gTDNAcCy5v2YcXRJ/Qcnm4/ma1xw==}
    cpu: [arm64]
    os: [linux]
    libc: [glibc]

  '@rollup/rollup-linux-arm64-musl@4.45.1':
    resolution: {integrity: sha512-PmI1vxQetnM58ZmDFl9/Uk2lpBBby6B6rF4muJc65uZbxCs0EA7hhKCk2PKlmZKuyVSHAyIw3+/SiuMLxKxWog==}
    cpu: [arm64]
    os: [linux]
    libc: [musl]

  '@rollup/rollup-linux-loongarch64-gnu@4.45.1':
    resolution: {integrity: sha512-9UmI0VzGmNJ28ibHW2GpE2nF0PBQqsyiS4kcJ5vK+wuwGnV5RlqdczVocDSUfGX/Na7/XINRVoUgJyFIgipoRg==}
    cpu: [loong64]
    os: [linux]
    libc: [glibc]

  '@rollup/rollup-linux-powerpc64le-gnu@4.45.1':
    resolution: {integrity: sha512-7nR2KY8oEOUTD3pBAxIBBbZr0U7U+R9HDTPNy+5nVVHDXI4ikYniH1oxQz9VoB5PbBU1CZuDGHkLJkd3zLMWsg==}
    cpu: [ppc64]
    os: [linux]
    libc: [glibc]

  '@rollup/rollup-linux-riscv64-gnu@4.45.1':
    resolution: {integrity: sha512-nlcl3jgUultKROfZijKjRQLUu9Ma0PeNv/VFHkZiKbXTBQXhpytS8CIj5/NfBeECZtY2FJQubm6ltIxm/ftxpw==}
    cpu: [riscv64]
    os: [linux]
    libc: [glibc]

  '@rollup/rollup-linux-riscv64-musl@4.45.1':
    resolution: {integrity: sha512-HJV65KLS51rW0VY6rvZkiieiBnurSzpzore1bMKAhunQiECPuxsROvyeaot/tcK3A3aGnI+qTHqisrpSgQrpgA==}
    cpu: [riscv64]
    os: [linux]
    libc: [musl]

  '@rollup/rollup-linux-s390x-gnu@4.45.1':
    resolution: {integrity: sha512-NITBOCv3Qqc6hhwFt7jLV78VEO/il4YcBzoMGGNxznLgRQf43VQDae0aAzKiBeEPIxnDrACiMgbqjuihx08OOw==}
    cpu: [s390x]
    os: [linux]
    libc: [glibc]

  '@rollup/rollup-linux-x64-gnu@4.45.1':
    resolution: {integrity: sha512-+E/lYl6qu1zqgPEnTrs4WysQtvc/Sh4fC2nByfFExqgYrqkKWp1tWIbe+ELhixnenSpBbLXNi6vbEEJ8M7fiHw==}
    cpu: [x64]
    os: [linux]
    libc: [glibc]

  '@rollup/rollup-linux-x64-musl@4.45.1':
    resolution: {integrity: sha512-a6WIAp89p3kpNoYStITT9RbTbTnqarU7D8N8F2CV+4Cl9fwCOZraLVuVFvlpsW0SbIiYtEnhCZBPLoNdRkjQFw==}
    cpu: [x64]
    os: [linux]
    libc: [musl]

  '@rollup/rollup-win32-arm64-msvc@4.45.1':
    resolution: {integrity: sha512-T5Bi/NS3fQiJeYdGvRpTAP5P02kqSOpqiopwhj0uaXB6nzs5JVi2XMJb18JUSKhCOX8+UE1UKQufyD6Or48dJg==}
    cpu: [arm64]
    os: [win32]

  '@rollup/rollup-win32-ia32-msvc@4.45.1':
    resolution: {integrity: sha512-lxV2Pako3ujjuUe9jiU3/s7KSrDfH6IgTSQOnDWr9aJ92YsFd7EurmClK0ly/t8dzMkDtd04g60WX6yl0sGfdw==}
    cpu: [ia32]
    os: [win32]

  '@rollup/rollup-win32-x64-msvc@4.45.1':
    resolution: {integrity: sha512-M/fKi4sasCdM8i0aWJjCSFm2qEnYRR8AMLG2kxp6wD13+tMGA4Z1tVAuHkNRjud5SW2EM3naLuK35w9twvf6aA==}
    cpu: [x64]
    os: [win32]

  '@tybys/wasm-util@0.10.0':
    resolution: {integrity: sha512-VyyPYFlOMNylG45GoAe0xDoLwWuowvf92F9kySqzYh8vmYm7D2u4iUJKa1tOUpS70Ku13ASrOkS4ScXFsTaCNQ==}

  '@types/estree@1.0.8':
    resolution: {integrity: sha512-dWHzHa2WqEXI/O1E9OjrocMTKJl2mSrEolh1Iomrv6U+JuNwaHXsXx9bLu5gG7BUWFIN0skIQJQ/L1rIex4X6w==}

  '@types/node@24.0.15':
    resolution: {integrity: sha512-oaeTSbCef7U/z7rDeJA138xpG3NuKc64/rZ2qmUFkFJmnMsAPaluIifqyWd8hSSMxyP9oie3dLAqYPblag9KgA==}

  estree-walker@2.0.2:
    resolution: {integrity: sha512-Rfkk/Mp/DL7JVje3u18FxFujQlTNR2q6QfMSMB7AvCBx91NGj/ba3kCfza0f6dVDbw7YlRf/nDrn7pQrCCyQ/w==}

  fsevents@2.3.3:
    resolution: {integrity: sha512-5xoDfX+fL7faATnagmWPpbFtwh/R77WmMMqqHGS65C3vvB0YHrgF+B1YmZ3441tMj5n63k0212XNoJwzlhffQw==}
    engines: {node: ^8.16.0 || ^10.6.0 || >=11.0.0}
    os: [darwin]

  napi-postinstall@0.3.2:
    resolution: {integrity: sha512-tWVJxJHmBWLy69PvO96TZMZDrzmw5KeiZBz3RHmiM2XZ9grBJ2WgMAFVVg25nqp3ZjTFUs2Ftw1JhscL3Teliw==}
    engines: {node: ^12.20.0 || ^14.18.0 || >=16.0.0}
    hasBin: true

  oxc-minify@0.77.2:
    resolution: {integrity: sha512-+/1Gmx5K7t4beud4ZRYFo5Egkk0Op0qRAWPORWM0EnU1P343PxvJlpSt6QendAH+8XVk2urgidPKzkub53+GEg==}
    engines: {node: '>=14.0.0'}

  oxc-resolver@11.6.0:
    resolution: {integrity: sha512-Yj3Wy+zLljtFL8ByKOljaPhiXjJWVe875p5MHaT5VAHoEmzeg1BuswM8s/E7ErpJ3s0fsXJfUYJE4v1bl7N65g==}

  oxc-transform@0.77.2:
    resolution: {integrity: sha512-ay1VVhm32fbT/De1f7aTM6rl6kvztWf0xO8aAc+opB6Wj66oykrsw5CPUHb97so91GwU8umzE0aAOcyq1A1hzg==}
    engines: {node: '>=14.0.0'}

  picomatch@4.0.3:
    resolution: {integrity: sha512-5gTmgEY/sqK6gFXLIsQNH19lWb4ebPDLA4SdLP7dsWkIXHWlG66oPuVvXSGFPppYZz8ZDZq0dYYrbHfBCVUb1Q==}
    engines: {node: '>=12'}

  rollup@4.45.1:
    resolution: {integrity: sha512-4iya7Jb76fVpQyLoiVpzUrsjQ12r3dM7fIVz+4NwoYvZOShknRmiv+iu9CClZml5ZLGb0XMcYLutK6w9tgxHDw==}
    engines: {node: '>=18.0.0', npm: '>=8.0.0'}
    hasBin: true

  tsconfck@3.1.6:
    resolution: {integrity: sha512-ks6Vjr/jEw0P1gmOVwutM3B7fWxoWBL2KRDb1JfqGVawBmO5UsvmWOQFGHBPl5yxYz4eERr19E6L7NMv+Fej4w==}
    engines: {node: ^18 || >=20}
    hasBin: true
    peerDependencies:
      typescript: ^5.0.0
    peerDependenciesMeta:
      typescript:
        optional: true

  tsconfig-migrate@0.0.0:
    resolution: {integrity: sha512-DdF06udF3tEwC3v+ZptvrlXyQ8dzoTER4CBGurPSSF1YoxYSui/bNakUkywnc5XN3JYaregn5iSnCa5cfztwJw==}

  tslib@2.8.1:
    resolution: {integrity: sha512-oJFu94HQb+KVduSUQL7wnpmqnfmLsOA/nAh6b6EH0wCEoK0/mPeXU6c3wKDV83MkOuHPRHtSXKKU99IBazS/2w==}

  typescript@5.8.3:
    resolution: {integrity: sha512-p1diW6TqL9L07nNxvRMM7hMMw4c5XOo/1ibL4aAIGmSAt9slTE1Xgw5KWuof2uTOvCg9BY7ZRi+GaF+7sfgPeQ==}
    engines: {node: '>=14.17'}
    hasBin: true

  undici-types@7.8.0:
    resolution: {integrity: sha512-9UJ2xGDvQ43tYyVMpuHlsgApydB8ZKfVYTsLDhXkFL/6gfkp+U8xTGdh8pMJv1SpZna0zxG1DwsKZsreLbXBxw==}

snapshots:

  '@emnapi/core@1.4.5':
    dependencies:
      '@emnapi/wasi-threads': 1.0.4
      tslib: 2.8.1
    optional: true

  '@emnapi/runtime@1.4.5':
    dependencies:
      tslib: 2.8.1
    optional: true

  '@emnapi/wasi-threads@1.0.4':
    dependencies:
      tslib: 2.8.1
    optional: true

  '@napi-rs/wasm-runtime@1.0.0':
    dependencies:
      '@emnapi/core': 1.4.5
      '@emnapi/runtime': 1.4.5
      '@tybys/wasm-util': 0.10.0
    optional: true

  '@oxc-minify/binding-android-arm64@0.77.2':
    optional: true

  '@oxc-minify/binding-darwin-arm64@0.77.2':
    optional: true

  '@oxc-minify/binding-darwin-x64@0.77.2':
    optional: true

  '@oxc-minify/binding-freebsd-x64@0.77.2':
    optional: true

  '@oxc-minify/binding-linux-arm-gnueabihf@0.77.2':
    optional: true

  '@oxc-minify/binding-linux-arm-musleabihf@0.77.2':
    optional: true

  '@oxc-minify/binding-linux-arm64-gnu@0.77.2':
    optional: true

  '@oxc-minify/binding-linux-arm64-musl@0.77.2':
    optional: true

  '@oxc-minify/binding-linux-riscv64-gnu@0.77.2':
    optional: true

  '@oxc-minify/binding-linux-s390x-gnu@0.77.2':
    optional: true

  '@oxc-minify/binding-linux-x64-gnu@0.77.2':
    optional: true

  '@oxc-minify/binding-linux-x64-musl@0.77.2':
    optional: true

  '@oxc-minify/binding-wasm32-wasi@0.77.2':
    dependencies:
      '@napi-rs/wasm-runtime': 1.0.0
    optional: true

  '@oxc-minify/binding-win32-arm64-msvc@0.77.2':
    optional: true

  '@oxc-minify/binding-win32-x64-msvc@0.77.2':
    optional: true

  '@oxc-resolver/binding-android-arm-eabi@11.6.0':
    optional: true

  '@oxc-resolver/binding-android-arm64@11.6.0':
    optional: true

  '@oxc-resolver/binding-darwin-arm64@11.6.0':
    optional: true

  '@oxc-resolver/binding-darwin-x64@11.6.0':
    optional: true

  '@oxc-resolver/binding-freebsd-x64@11.6.0':
    optional: true

  '@oxc-resolver/binding-linux-arm-gnueabihf@11.6.0':
    optional: true

  '@oxc-resolver/binding-linux-arm-musleabihf@11.6.0':
    optional: true

  '@oxc-resolver/binding-linux-arm64-gnu@11.6.0':
    optional: true

  '@oxc-resolver/binding-linux-arm64-musl@11.6.0':
    optional: true

  '@oxc-resolver/binding-linux-ppc64-gnu@11.6.0':
    optional: true

  '@oxc-resolver/binding-linux-riscv64-gnu@11.6.0':
    optional: true

  '@oxc-resolver/binding-linux-riscv64-musl@11.6.0':
    optional: true

  '@oxc-resolver/binding-linux-s390x-gnu@11.6.0':
    optional: true

  '@oxc-resolver/binding-linux-x64-gnu@11.6.0':
    optional: true

  '@oxc-resolver/binding-linux-x64-musl@11.6.0':
    optional: true

  '@oxc-resolver/binding-wasm32-wasi@11.6.0':
    dependencies:
      '@napi-rs/wasm-runtime': 1.0.0
    optional: true

  '@oxc-resolver/binding-win32-arm64-msvc@11.6.0':
    optional: true

  '@oxc-resolver/binding-win32-ia32-msvc@11.6.0':
    optional: true

  '@oxc-resolver/binding-win32-x64-msvc@11.6.0':
    optional: true

  '@oxc-transform/binding-android-arm64@0.77.2':
    optional: true

  '@oxc-transform/binding-darwin-arm64@0.77.2':
    optional: true

  '@oxc-transform/binding-darwin-x64@0.77.2':
    optional: true

  '@oxc-transform/binding-freebsd-x64@0.77.2':
    optional: true

  '@oxc-transform/binding-linux-arm-gnueabihf@0.77.2':
    optional: true

  '@oxc-transform/binding-linux-arm-musleabihf@0.77.2':
    optional: true

  '@oxc-transform/binding-linux-arm64-gnu@0.77.2':
    optional: true

  '@oxc-transform/binding-linux-arm64-musl@0.77.2':
    optional: true

  '@oxc-transform/binding-linux-riscv64-gnu@0.77.2':
    optional: true

  '@oxc-transform/binding-linux-s390x-gnu@0.77.2':
    optional: true

  '@oxc-transform/binding-linux-x64-gnu@0.77.2':
    optional: true

  '@oxc-transform/binding-linux-x64-musl@0.77.2':
    optional: true

  '@oxc-transform/binding-wasm32-wasi@0.77.2':
    dependencies:
      '@napi-rs/wasm-runtime': 1.0.0
    optional: true

  '@oxc-transform/binding-win32-arm64-msvc@0.77.2':
    optional: true

  '@oxc-transform/binding-win32-x64-msvc@0.77.2':
    optional: true

  '@rollup/pluginutils@5.2.0(rollup@4.45.1)':
    dependencies:
      '@types/estree': 1.0.8
      estree-walker: 2.0.2
      picomatch: 4.0.3
    optionalDependencies:
      rollup: 4.45.1

  '@rollup/rollup-android-arm-eabi@4.45.1':
    optional: true

  '@rollup/rollup-android-arm64@4.45.1':
    optional: true

  '@rollup/rollup-darwin-arm64@4.45.1':
    optional: true

  '@rollup/rollup-darwin-x64@4.45.1':
    optional: true

  '@rollup/rollup-freebsd-arm64@4.45.1':
    optional: true

  '@rollup/rollup-freebsd-x64@4.45.1':
    optional: true

  '@rollup/rollup-linux-arm-gnueabihf@4.45.1':
    optional: true

  '@rollup/rollup-linux-arm-musleabihf@4.45.1':
    optional: true

  '@rollup/rollup-linux-arm64-gnu@4.45.1':
    optional: true

  '@rollup/rollup-linux-arm64-musl@4.45.1':
    optional: true

  '@rollup/rollup-linux-loongarch64-gnu@4.45.1':
    optional: true

  '@rollup/rollup-linux-powerpc64le-gnu@4.45.1':
    optional: true

  '@rollup/rollup-linux-riscv64-gnu@4.45.1':
    optional: true

  '@rollup/rollup-linux-riscv64-musl@4.45.1':
    optional: true

  '@rollup/rollup-linux-s390x-gnu@4.45.1':
    optional: true

  '@rollup/rollup-linux-x64-gnu@4.45.1':
    optional: true

  '@rollup/rollup-linux-x64-musl@4.45.1':
    optional: true

  '@rollup/rollup-win32-arm64-msvc@4.45.1':
    optional: true

  '@rollup/rollup-win32-ia32-msvc@4.45.1':
    optional: true

  '@rollup/rollup-win32-x64-msvc@4.45.1':
    optional: true

  '@tybys/wasm-util@0.10.0':
    dependencies:
      tslib: 2.8.1
    optional: true

  '@types/estree@1.0.8': {}

  '@types/node@24.0.15':
    dependencies:
      undici-types: 7.8.0

  estree-walker@2.0.2: {}

  fsevents@2.3.3:
    optional: true

  napi-postinstall@0.3.2: {}

  oxc-minify@0.77.2:
    optionalDependencies:
      '@oxc-minify/binding-android-arm64': 0.77.2
      '@oxc-minify/binding-darwin-arm64': 0.77.2
      '@oxc-minify/binding-darwin-x64': 0.77.2
      '@oxc-minify/binding-freebsd-x64': 0.77.2
      '@oxc-minify/binding-linux-arm-gnueabihf': 0.77.2
      '@oxc-minify/binding-linux-arm-musleabihf': 0.77.2
      '@oxc-minify/binding-linux-arm64-gnu': 0.77.2
      '@oxc-minify/binding-linux-arm64-musl': 0.77.2
      '@oxc-minify/binding-linux-riscv64-gnu': 0.77.2
      '@oxc-minify/binding-linux-s390x-gnu': 0.77.2
      '@oxc-minify/binding-linux-x64-gnu': 0.77.2
      '@oxc-minify/binding-linux-x64-musl': 0.77.2
      '@oxc-minify/binding-wasm32-wasi': 0.77.2
      '@oxc-minify/binding-win32-arm64-msvc': 0.77.2
      '@oxc-minify/binding-win32-x64-msvc': 0.77.2

  oxc-resolver@11.6.0:
    dependencies:
      napi-postinstall: 0.3.2
    optionalDependencies:
      '@oxc-resolver/binding-android-arm-eabi': 11.6.0
      '@oxc-resolver/binding-android-arm64': 11.6.0
      '@oxc-resolver/binding-darwin-arm64': 11.6.0
      '@oxc-resolver/binding-darwin-x64': 11.6.0
      '@oxc-resolver/binding-freebsd-x64': 11.6.0
      '@oxc-resolver/binding-linux-arm-gnueabihf': 11.6.0
      '@oxc-resolver/binding-linux-arm-musleabihf': 11.6.0
      '@oxc-resolver/binding-linux-arm64-gnu': 11.6.0
      '@oxc-resolver/binding-linux-arm64-musl': 11.6.0
      '@oxc-resolver/binding-linux-ppc64-gnu': 11.6.0
      '@oxc-resolver/binding-linux-riscv64-gnu': 11.6.0
      '@oxc-resolver/binding-linux-riscv64-musl': 11.6.0
      '@oxc-resolver/binding-linux-s390x-gnu': 11.6.0
      '@oxc-resolver/binding-linux-x64-gnu': 11.6.0
      '@oxc-resolver/binding-linux-x64-musl': 11.6.0
      '@oxc-resolver/binding-wasm32-wasi': 11.6.0
      '@oxc-resolver/binding-win32-arm64-msvc': 11.6.0
      '@oxc-resolver/binding-win32-ia32-msvc': 11.6.0
      '@oxc-resolver/binding-win32-x64-msvc': 11.6.0

  oxc-transform@0.77.2:
    optionalDependencies:
      '@oxc-transform/binding-android-arm64': 0.77.2
      '@oxc-transform/binding-darwin-arm64': 0.77.2
      '@oxc-transform/binding-darwin-x64': 0.77.2
      '@oxc-transform/binding-freebsd-x64': 0.77.2
      '@oxc-transform/binding-linux-arm-gnueabihf': 0.77.2
      '@oxc-transform/binding-linux-arm-musleabihf': 0.77.2
      '@oxc-transform/binding-linux-arm64-gnu': 0.77.2
      '@oxc-transform/binding-linux-arm64-musl': 0.77.2
      '@oxc-transform/binding-linux-riscv64-gnu': 0.77.2
      '@oxc-transform/binding-linux-s390x-gnu': 0.77.2
      '@oxc-transform/binding-linux-x64-gnu': 0.77.2
      '@oxc-transform/binding-linux-x64-musl': 0.77.2
      '@oxc-transform/binding-wasm32-wasi': 0.77.2
      '@oxc-transform/binding-win32-arm64-msvc': 0.77.2
      '@oxc-transform/binding-win32-x64-msvc': 0.77.2

  picomatch@4.0.3: {}

  rollup@4.45.1:
    dependencies:
      '@types/estree': 1.0.8
    optionalDependencies:
      '@rollup/rollup-android-arm-eabi': 4.45.1
      '@rollup/rollup-android-arm64': 4.45.1
      '@rollup/rollup-darwin-arm64': 4.45.1
      '@rollup/rollup-darwin-x64': 4.45.1
      '@rollup/rollup-freebsd-arm64': 4.45.1
      '@rollup/rollup-freebsd-x64': 4.45.1
      '@rollup/rollup-linux-arm-gnueabihf': 4.45.1
      '@rollup/rollup-linux-arm-musleabihf': 4.45.1
      '@rollup/rollup-linux-arm64-gnu': 4.45.1
      '@rollup/rollup-linux-arm64-musl': 4.45.1
      '@rollup/rollup-linux-loongarch64-gnu': 4.45.1
      '@rollup/rollup-linux-powerpc64le-gnu': 4.45.1
      '@rollup/rollup-linux-riscv64-gnu': 4.45.1
      '@rollup/rollup-linux-riscv64-musl': 4.45.1
      '@rollup/rollup-linux-s390x-gnu': 4.45.1
      '@rollup/rollup-linux-x64-gnu': 4.45.1
      '@rollup/rollup-linux-x64-musl': 4.45.1
      '@rollup/rollup-win32-arm64-msvc': 4.45.1
      '@rollup/rollup-win32-ia32-msvc': 4.45.1
      '@rollup/rollup-win32-x64-msvc': 4.45.1
      fsevents: 2.3.3

  tsconfck@3.1.6(typescript@5.8.3):
    optionalDependencies:
      typescript: 5.8.3

  tsconfig-migrate@0.0.0: {}

  tslib@2.8.1:
    optional: true

  typescript@5.8.3: {}

  undici-types@7.8.0: {}
